// !$*UTF8*$!
{
	archiveVersion = 1;
	classes = {
	};
	objectVersion = 46;
	objects = {

/* Begin PBXBuildFile section */
		46B21E5B18916DA500952309 /* Logger.m in Sources */ = {isa = PBXBuildFile; fileRef = 46B21E5818916DA500952309 /* Logger.m */; };
		46B21E5C18916DA500952309 /* NSManagedObjectContext+Utils.m in Sources */ = {isa = PBXBuildFile; fileRef = 46B21E5A18916DA500952309 /* NSManagedObjectContext+Utils.m */; };
		EE00FCAF18B4834900C0E668 /* Database.m in Sources */ = {isa = PBXBuildFile; fileRef = EE00FCAE18B4834900C0E668 /* Database.m */; };
		EE00FCB318B4968D00C0E668 /* YBPlayer.m in Sources */ = {isa = PBXBuildFile; fileRef = EE00FCB218B4968D00C0E668 /* YBPlayer.m */; };
		EE00FCE018B71C4700C0E668 /* UIView+Utils.m in Sources */ = {isa = PBXBuildFile; fileRef = EE00FCDF18B71C4700C0E668 /* UIView+Utils.m */; };
		EE00FCE318B71CF600C0E668 /* UIViewController+Utils.m in Sources */ = {isa = PBXBuildFile; fileRef = EE00FCE218B71CF600C0E668 /* UIViewController+Utils.m */; };
		EE26F02D18C096F500B80F47 /* UILabel+Utils.m in Sources */ = {isa = PBXBuildFile; fileRef = EE26F02C18C096F500B80F47 /* UILabel+Utils.m */; };
		EE35262918C9BD0400937FB6 /* coin_16.png in Resources */ = {isa = PBXBuildFile; fileRef = EE35261318C9BD0400937FB6 /* coin_16.png */; };
		EE35262A18C9BD0400937FB6 /* coin_16@2x.png in Resources */ = {isa = PBXBuildFile; fileRef = EE35261418C9BD0400937FB6 /* coin_16@2x.png */; };
		EE35262D18C9BD0400937FB6 /* gear_16.png in Resources */ = {isa = PBXBuildFile; fileRef = EE35261718C9BD0400937FB6 /* gear_16.png */; };
		EE35262E18C9BD0400937FB6 /* gear_16@2x.png in Resources */ = {isa = PBXBuildFile; fileRef = EE35261818C9BD0400937FB6 /* gear_16@2x.png */; };
		EE35263318C9BD0400937FB6 /* gift_24.png in Resources */ = {isa = PBXBuildFile; fileRef = EE35261D18C9BD0400937FB6 /* gift_24.png */; };
		EE35263418C9BD0400937FB6 /* gift_24@2x.png in Resources */ = {isa = PBXBuildFile; fileRef = EE35261E18C9BD0400937FB6 /* gift_24@2x.png */; };
		EE35263B18C9BD0400937FB6 /* strawberry_24.png in Resources */ = {isa = PBXBuildFile; fileRef = EE35262518C9BD0400937FB6 /* strawberry_24.png */; };
		EE35263C18C9BD0400937FB6 /* strawberry_24@2x.png in Resources */ = {isa = PBXBuildFile; fileRef = EE35262618C9BD0400937FB6 /* strawberry_24@2x.png */; };
		EE35263E18C9BD0400937FB6 /* task_24.png in Resources */ = {isa = PBXBuildFile; fileRef = EE35262818C9BD0400937FB6 /* task_24.png */; };
		EE35265418C9BE2C00937FB6 /* YouBest.txt in Resources */ = {isa = PBXBuildFile; fileRef = EE35265118C9BE2C00937FB6 /* YouBest.txt */; };
		EE35265518C9BE2C00937FB6 /* YouBest.xcdatamodeld in Sources */ = {isa = PBXBuildFile; fileRef = EE35265218C9BE2C00937FB6 /* YouBest.xcdatamodeld */; };
		EE35266918C9C0F100937FB6 /* UI.txt in Resources */ = {isa = PBXBuildFile; fileRef = EE35266818C9C0F100937FB6 /* UI.txt */; };
		EE3526C118C9C8E000937FB6 /* AllGiftsViewController.m in Sources */ = {isa = PBXBuildFile; fileRef = EE3526B218C9C8E000937FB6 /* AllGiftsViewController.m */; };
		EE3526C218C9C8E000937FB6 /* RootNavigationController.m in Sources */ = {isa = PBXBuildFile; fileRef = EE3526B518C9C8E000937FB6 /* RootNavigationController.m */; };
		EE3526C318C9C8E000937FB6 /* AllPlayersViewController.m in Sources */ = {isa = PBXBuildFile; fileRef = EE3526B818C9C8E000937FB6 /* AllPlayersViewController.m */; };
		EE3526C418C9C8E000937FB6 /* PlayerTabBarController.m in Sources */ = {isa = PBXBuildFile; fileRef = EE3526BA18C9C8E000937FB6 /* PlayerTabBarController.m */; };
		EE3526C518C9C8E000937FB6 /* AllTasksViewController.m in Sources */ = {isa = PBXBuildFile; fileRef = EE3526BD18C9C8E000937FB6 /* AllTasksViewController.m */; };
		EE3526C618C9C8E000937FB6 /* AllWishesViewController.m in Sources */ = {isa = PBXBuildFile; fileRef = EE3526C018C9C8E000937FB6 /* AllWishesViewController.m */; };
		EE3526C918C9CB9A00937FB6 /* TaskDetailsViewController.m in Sources */ = {isa = PBXBuildFile; fileRef = EE3526C818C9CB9A00937FB6 /* TaskDetailsViewController.m */; };
		EE3526CC18C9CBA500937FB6 /* TaskEditingViewController.m in Sources */ = {isa = PBXBuildFile; fileRef = EE3526CB18C9CBA500937FB6 /* TaskEditingViewController.m */; };
		EE3526CF18C9CBB300937FB6 /* GiftDetailsViewController.m in Sources */ = {isa = PBXBuildFile; fileRef = EE3526CE18C9CBB300937FB6 /* GiftDetailsViewController.m */; };
		EE3526D218C9CBBF00937FB6 /* GiftEditingViewController.m in Sources */ = {isa = PBXBuildFile; fileRef = EE3526D118C9CBBF00937FB6 /* GiftEditingViewController.m */; };
		EE3526D518C9CBCB00937FB6 /* WishDetailsViewController.m in Sources */ = {isa = PBXBuildFile; fileRef = EE3526D418C9CBCB00937FB6 /* WishDetailsViewController.m */; };
		EE3526D818C9CBD500937FB6 /* WishEditingViewController.m in Sources */ = {isa = PBXBuildFile; fileRef = EE3526D718C9CBD500937FB6 /* WishEditingViewController.m */; };
		EE3526DA18CDB6B700937FB6 /* YouBest.storyboard in Resources */ = {isa = PBXBuildFile; fileRef = EE3526D918CDB6B700937FB6 /* YouBest.storyboard */; };
		EE35270A18CEFE2700937FB6 /* MOGiftRecord.m in Sources */ = {isa = PBXBuildFile; fileRef = EE3526FC18CEFE2700937FB6 /* MOGiftRecord.m */; };
		EE35270C18CEFE2700937FB6 /* MOOption.m in Sources */ = {isa = PBXBuildFile; fileRef = EE35270018CEFE2700937FB6 /* MOOption.m */; };
		EE35270D18CEFE2700937FB6 /* MOPlayer.m in Sources */ = {isa = PBXBuildFile; fileRef = EE35270218CEFE2700937FB6 /* MOPlayer.m */; };
		EE35270F18CEFE2700937FB6 /* MOTaskRecord.m in Sources */ = {isa = PBXBuildFile; fileRef = EE35270618CEFE2700937FB6 /* MOTaskRecord.m */; };
		EE35271318CEFE9D00937FB6 /* YBTaskInstance.m in Sources */ = {isa = PBXBuildFile; fileRef = EE35271218CEFE9D00937FB6 /* YBTaskInstance.m */; };
		EE35271618CEFEA900937FB6 /* YBGiftInstance.m in Sources */ = {isa = PBXBuildFile; fileRef = EE35271518CEFEA900937FB6 /* YBGiftInstance.m */; };
		EE35271918CF031000937FB6 /* MOGiftTemplate.m in Sources */ = {isa = PBXBuildFile; fileRef = EE35271818CF031000937FB6 /* MOGiftTemplate.m */; };
		EE35271C18CF031100937FB6 /* MOGiftInstance.m in Sources */ = {isa = PBXBuildFile; fileRef = EE35271B18CF031100937FB6 /* MOGiftInstance.m */; };
		EE35271F18CF031100937FB6 /* MOTaskInstance.m in Sources */ = {isa = PBXBuildFile; fileRef = EE35271E18CF031100937FB6 /* MOTaskInstance.m */; };
		EE35272518CF03F000937FB6 /* MOTaskTemplate.m in Sources */ = {isa = PBXBuildFile; fileRef = EE35272418CF03F000937FB6 /* MOTaskTemplate.m */; };
		EE6B475C1885168E00362B84 /* Foundation.framework in Frameworks */ = {isa = PBXBuildFile; fileRef = EE6B475B1885168E00362B84 /* Foundation.framework */; };
		EE6B475E1885168E00362B84 /* CoreGraphics.framework in Frameworks */ = {isa = PBXBuildFile; fileRef = EE6B475D1885168E00362B84 /* CoreGraphics.framework */; };
		EE6B47601885168E00362B84 /* UIKit.framework in Frameworks */ = {isa = PBXBuildFile; fileRef = EE6B475F1885168E00362B84 /* UIKit.framework */; };
		EE6B47621885168E00362B84 /* CoreData.framework in Frameworks */ = {isa = PBXBuildFile; fileRef = EE6B47611885168E00362B84 /* CoreData.framework */; };
		EE6B47681885168E00362B84 /* InfoPlist.strings in Resources */ = {isa = PBXBuildFile; fileRef = EE6B47661885168E00362B84 /* InfoPlist.strings */; };
		EE6B476A1885168E00362B84 /* main.m in Sources */ = {isa = PBXBuildFile; fileRef = EE6B47691885168E00362B84 /* main.m */; };
		EE6B476E1885168E00362B84 /* AppDelegate.m in Sources */ = {isa = PBXBuildFile; fileRef = EE6B476D1885168E00362B84 /* AppDelegate.m */; };
		EE6B47731885168E00362B84 /* Images.xcassets in Resources */ = {isa = PBXBuildFile; fileRef = EE6B47721885168E00362B84 /* Images.xcassets */; };
		EEEE29E718BB222200773F2A /* UINavigationBar+Utils.m in Sources */ = {isa = PBXBuildFile; fileRef = EEEE29E618BB222200773F2A /* UINavigationBar+Utils.m */; };
/* End PBXBuildFile section */

/* Begin PBXFileReference section */
		46B21E5718916DA500952309 /* Logger.h */ = {isa = PBXFileReference; fileEncoding = 4; lastKnownFileType = sourcecode.c.h; path = Logger.h; sourceTree = "<group>"; };
		46B21E5818916DA500952309 /* Logger.m */ = {isa = PBXFileReference; fileEncoding = 4; lastKnownFileType = sourcecode.c.objc; path = Logger.m; sourceTree = "<group>"; };
		46B21E5918916DA500952309 /* NSManagedObjectContext+Utils.h */ = {isa = PBXFileReference; fileEncoding = 4; lastKnownFileType = sourcecode.c.h; path = "NSManagedObjectContext+Utils.h"; sourceTree = "<group>"; };
		46B21E5A18916DA500952309 /* NSManagedObjectContext+Utils.m */ = {isa = PBXFileReference; fileEncoding = 4; lastKnownFileType = sourcecode.c.objc; path = "NSManagedObjectContext+Utils.m"; sourceTree = "<group>"; };
		EE00FCAD18B4834900C0E668 /* Database.h */ = {isa = PBXFileReference; fileEncoding = 4; lastKnownFileType = sourcecode.c.h; path = Database.h; sourceTree = "<group>"; };
		EE00FCAE18B4834900C0E668 /* Database.m */ = {isa = PBXFileReference; fileEncoding = 4; lastKnownFileType = sourcecode.c.objc; path = Database.m; sourceTree = "<group>"; };
		EE00FCB118B4968D00C0E668 /* YBPlayer.h */ = {isa = PBXFileReference; fileEncoding = 4; lastKnownFileType = sourcecode.c.h; path = YBPlayer.h; sourceTree = "<group>"; };
		EE00FCB218B4968D00C0E668 /* YBPlayer.m */ = {isa = PBXFileReference; fileEncoding = 4; lastKnownFileType = sourcecode.c.objc; path = YBPlayer.m; sourceTree = "<group>"; };
		EE00FCDE18B71C4700C0E668 /* UIView+Utils.h */ = {isa = PBXFileReference; fileEncoding = 4; lastKnownFileType = sourcecode.c.h; path = "UIView+Utils.h"; sourceTree = "<group>"; };
		EE00FCDF18B71C4700C0E668 /* UIView+Utils.m */ = {isa = PBXFileReference; fileEncoding = 4; lastKnownFileType = sourcecode.c.objc; path = "UIView+Utils.m"; sourceTree = "<group>"; };
		EE00FCE118B71CF600C0E668 /* UIViewController+Utils.h */ = {isa = PBXFileReference; fileEncoding = 4; lastKnownFileType = sourcecode.c.h; path = "UIViewController+Utils.h"; sourceTree = "<group>"; };
		EE00FCE218B71CF600C0E668 /* UIViewController+Utils.m */ = {isa = PBXFileReference; fileEncoding = 4; lastKnownFileType = sourcecode.c.objc; path = "UIViewController+Utils.m"; sourceTree = "<group>"; };
		EE26F02B18C096F500B80F47 /* UILabel+Utils.h */ = {isa = PBXFileReference; fileEncoding = 4; lastKnownFileType = sourcecode.c.h; path = "UILabel+Utils.h"; sourceTree = "<group>"; };
		EE26F02C18C096F500B80F47 /* UILabel+Utils.m */ = {isa = PBXFileReference; fileEncoding = 4; lastKnownFileType = sourcecode.c.objc; path = "UILabel+Utils.m"; sourceTree = "<group>"; };
		EE35261318C9BD0400937FB6 /* coin_16.png */ = {isa = PBXFileReference; lastKnownFileType = image.png; path = coin_16.png; sourceTree = "<group>"; };
		EE35261418C9BD0400937FB6 /* coin_16@2x.png */ = {isa = PBXFileReference; lastKnownFileType = image.png; path = "coin_16@2x.png"; sourceTree = "<group>"; };
		EE35261718C9BD0400937FB6 /* gear_16.png */ = {isa = PBXFileReference; lastKnownFileType = image.png; path = gear_16.png; sourceTree = "<group>"; };
		EE35261818C9BD0400937FB6 /* gear_16@2x.png */ = {isa = PBXFileReference; lastKnownFileType = image.png; path = "gear_16@2x.png"; sourceTree = "<group>"; };
		EE35261D18C9BD0400937FB6 /* gift_24.png */ = {isa = PBXFileReference; lastKnownFileType = image.png; path = gift_24.png; sourceTree = "<group>"; };
		EE35261E18C9BD0400937FB6 /* gift_24@2x.png */ = {isa = PBXFileReference; lastKnownFileType = image.png; path = "gift_24@2x.png"; sourceTree = "<group>"; };
		EE35262518C9BD0400937FB6 /* strawberry_24.png */ = {isa = PBXFileReference; lastKnownFileType = image.png; path = strawberry_24.png; sourceTree = "<group>"; };
		EE35262618C9BD0400937FB6 /* strawberry_24@2x.png */ = {isa = PBXFileReference; lastKnownFileType = image.png; path = "strawberry_24@2x.png"; sourceTree = "<group>"; };
		EE35262818C9BD0400937FB6 /* task_24.png */ = {isa = PBXFileReference; lastKnownFileType = image.png; path = task_24.png; sourceTree = "<group>"; };
		EE35265118C9BE2C00937FB6 /* YouBest.txt */ = {isa = PBXFileReference; fileEncoding = 4; lastKnownFileType = text; path = YouBest.txt; sourceTree = "<group>"; };
		EE35265318C9BE2C00937FB6 /* YouBest.xcdatamodel */ = {isa = PBXFileReference; lastKnownFileType = wrapper.xcdatamodel; path = YouBest.xcdatamodel; sourceTree = "<group>"; };
		EE35266818C9C0F100937FB6 /* UI.txt */ = {isa = PBXFileReference; fileEncoding = 4; lastKnownFileType = text; path = UI.txt; sourceTree = "<group>"; };
		EE3526B118C9C8E000937FB6 /* AllGiftsViewController.h */ = {isa = PBXFileReference; fileEncoding = 4; lastKnownFileType = sourcecode.c.h; path = AllGiftsViewController.h; sourceTree = "<group>"; };
		EE3526B218C9C8E000937FB6 /* AllGiftsViewController.m */ = {isa = PBXFileReference; fileEncoding = 4; lastKnownFileType = sourcecode.c.objc; path = AllGiftsViewController.m; sourceTree = "<group>"; };
		EE3526B418C9C8E000937FB6 /* RootNavigationController.h */ = {isa = PBXFileReference; fileEncoding = 4; lastKnownFileType = sourcecode.c.h; path = RootNavigationController.h; sourceTree = "<group>"; };
		EE3526B518C9C8E000937FB6 /* RootNavigationController.m */ = {isa = PBXFileReference; fileEncoding = 4; lastKnownFileType = sourcecode.c.objc; path = RootNavigationController.m; sourceTree = "<group>"; };
		EE3526B718C9C8E000937FB6 /* AllPlayersViewController.h */ = {isa = PBXFileReference; fileEncoding = 4; lastKnownFileType = sourcecode.c.h; path = AllPlayersViewController.h; sourceTree = "<group>"; };
		EE3526B818C9C8E000937FB6 /* AllPlayersViewController.m */ = {isa = PBXFileReference; fileEncoding = 4; lastKnownFileType = sourcecode.c.objc; path = AllPlayersViewController.m; sourceTree = "<group>"; };
		EE3526B918C9C8E000937FB6 /* PlayerTabBarController.h */ = {isa = PBXFileReference; fileEncoding = 4; lastKnownFileType = sourcecode.c.h; path = PlayerTabBarController.h; sourceTree = "<group>"; };
		EE3526BA18C9C8E000937FB6 /* PlayerTabBarController.m */ = {isa = PBXFileReference; fileEncoding = 4; lastKnownFileType = sourcecode.c.objc; path = PlayerTabBarController.m; sourceTree = "<group>"; };
		EE3526BC18C9C8E000937FB6 /* AllTasksViewController.h */ = {isa = PBXFileReference; fileEncoding = 4; lastKnownFileType = sourcecode.c.h; path = AllTasksViewController.h; sourceTree = "<group>"; };
		EE3526BD18C9C8E000937FB6 /* AllTasksViewController.m */ = {isa = PBXFileReference; fileEncoding = 4; lastKnownFileType = sourcecode.c.objc; path = AllTasksViewController.m; sourceTree = "<group>"; };
		EE3526BF18C9C8E000937FB6 /* AllWishesViewController.h */ = {isa = PBXFileReference; fileEncoding = 4; lastKnownFileType = sourcecode.c.h; path = AllWishesViewController.h; sourceTree = "<group>"; };
		EE3526C018C9C8E000937FB6 /* AllWishesViewController.m */ = {isa = PBXFileReference; fileEncoding = 4; lastKnownFileType = sourcecode.c.objc; path = AllWishesViewController.m; sourceTree = "<group>"; };
		EE3526C718C9CB9A00937FB6 /* TaskDetailsViewController.h */ = {isa = PBXFileReference; fileEncoding = 4; lastKnownFileType = sourcecode.c.h; path = TaskDetailsViewController.h; sourceTree = "<group>"; };
		EE3526C818C9CB9A00937FB6 /* TaskDetailsViewController.m */ = {isa = PBXFileReference; fileEncoding = 4; lastKnownFileType = sourcecode.c.objc; path = TaskDetailsViewController.m; sourceTree = "<group>"; };
		EE3526CA18C9CBA500937FB6 /* TaskEditingViewController.h */ = {isa = PBXFileReference; fileEncoding = 4; lastKnownFileType = sourcecode.c.h; path = TaskEditingViewController.h; sourceTree = "<group>"; };
		EE3526CB18C9CBA500937FB6 /* TaskEditingViewController.m */ = {isa = PBXFileReference; fileEncoding = 4; lastKnownFileType = sourcecode.c.objc; path = TaskEditingViewController.m; sourceTree = "<group>"; };
		EE3526CD18C9CBB300937FB6 /* GiftDetailsViewController.h */ = {isa = PBXFileReference; fileEncoding = 4; lastKnownFileType = sourcecode.c.h; path = GiftDetailsViewController.h; sourceTree = "<group>"; };
		EE3526CE18C9CBB300937FB6 /* GiftDetailsViewController.m */ = {isa = PBXFileReference; fileEncoding = 4; lastKnownFileType = sourcecode.c.objc; path = GiftDetailsViewController.m; sourceTree = "<group>"; };
		EE3526D018C9CBBF00937FB6 /* GiftEditingViewController.h */ = {isa = PBXFileReference; fileEncoding = 4; lastKnownFileType = sourcecode.c.h; path = GiftEditingViewController.h; sourceTree = "<group>"; };
		EE3526D118C9CBBF00937FB6 /* GiftEditingViewController.m */ = {isa = PBXFileReference; fileEncoding = 4; lastKnownFileType = sourcecode.c.objc; path = GiftEditingViewController.m; sourceTree = "<group>"; };
		EE3526D318C9CBCB00937FB6 /* WishDetailsViewController.h */ = {isa = PBXFileReference; fileEncoding = 4; lastKnownFileType = sourcecode.c.h; path = WishDetailsViewController.h; sourceTree = "<group>"; };
		EE3526D418C9CBCB00937FB6 /* WishDetailsViewController.m */ = {isa = PBXFileReference; fileEncoding = 4; lastKnownFileType = sourcecode.c.objc; path = WishDetailsViewController.m; sourceTree = "<group>"; };
		EE3526D618C9CBD500937FB6 /* WishEditingViewController.h */ = {isa = PBXFileReference; fileEncoding = 4; lastKnownFileType = sourcecode.c.h; path = WishEditingViewController.h; sourceTree = "<group>"; };
		EE3526D718C9CBD500937FB6 /* WishEditingViewController.m */ = {isa = PBXFileReference; fileEncoding = 4; lastKnownFileType = sourcecode.c.objc; path = WishEditingViewController.m; sourceTree = "<group>"; };
		EE3526D918CDB6B700937FB6 /* YouBest.storyboard */ = {isa = PBXFileReference; fileEncoding = 4; lastKnownFileType = file.storyboard; path = YouBest.storyboard; sourceTree = "<group>"; };
		EE3526FB18CEFE2700937FB6 /* MOGiftRecord.h */ = {isa = PBXFileReference; fileEncoding = 4; lastKnownFileType = sourcecode.c.h; path = MOGiftRecord.h; sourceTree = "<group>"; };
		EE3526FC18CEFE2700937FB6 /* MOGiftRecord.m */ = {isa = PBXFileReference; fileEncoding = 4; lastKnownFileType = sourcecode.c.objc; path = MOGiftRecord.m; sourceTree = "<group>"; };
		EE3526FF18CEFE2700937FB6 /* MOOption.h */ = {isa = PBXFileReference; fileEncoding = 4; lastKnownFileType = sourcecode.c.h; path = MOOption.h; sourceTree = "<group>"; };
		EE35270018CEFE2700937FB6 /* MOOption.m */ = {isa = PBXFileReference; fileEncoding = 4; lastKnownFileType = sourcecode.c.objc; path = MOOption.m; sourceTree = "<group>"; };
		EE35270118CEFE2700937FB6 /* MOPlayer.h */ = {isa = PBXFileReference; fileEncoding = 4; lastKnownFileType = sourcecode.c.h; path = MOPlayer.h; sourceTree = "<group>"; };
		EE35270218CEFE2700937FB6 /* MOPlayer.m */ = {isa = PBXFileReference; fileEncoding = 4; lastKnownFileType = sourcecode.c.objc; path = MOPlayer.m; sourceTree = "<group>"; };
		EE35270518CEFE2700937FB6 /* MOTaskRecord.h */ = {isa = PBXFileReference; fileEncoding = 4; lastKnownFileType = sourcecode.c.h; path = MOTaskRecord.h; sourceTree = "<group>"; };
		EE35270618CEFE2700937FB6 /* MOTaskRecord.m */ = {isa = PBXFileReference; fileEncoding = 4; lastKnownFileType = sourcecode.c.objc; path = MOTaskRecord.m; sourceTree = "<group>"; };
		EE35271118CEFE9D00937FB6 /* YBTaskInstance.h */ = {isa = PBXFileReference; fileEncoding = 4; lastKnownFileType = sourcecode.c.h; path = YBTaskInstance.h; sourceTree = "<group>"; };
		EE35271218CEFE9D00937FB6 /* YBTaskInstance.m */ = {isa = PBXFileReference; fileEncoding = 4; lastKnownFileType = sourcecode.c.objc; path = YBTaskInstance.m; sourceTree = "<group>"; };
		EE35271418CEFEA900937FB6 /* YBGiftInstance.h */ = {isa = PBXFileReference; fileEncoding = 4; lastKnownFileType = sourcecode.c.h; path = YBGiftInstance.h; sourceTree = "<group>"; };
		EE35271518CEFEA900937FB6 /* YBGiftInstance.m */ = {isa = PBXFileReference; fileEncoding = 4; lastKnownFileType = sourcecode.c.objc; path = YBGiftInstance.m; sourceTree = "<group>"; };
		EE35271718CF031000937FB6 /* MOGiftTemplate.h */ = {isa = PBXFileReference; fileEncoding = 4; lastKnownFileType = sourcecode.c.h; path = MOGiftTemplate.h; sourceTree = "<group>"; };
		EE35271818CF031000937FB6 /* MOGiftTemplate.m */ = {isa = PBXFileReference; fileEncoding = 4; lastKnownFileType = sourcecode.c.objc; path = MOGiftTemplate.m; sourceTree = "<group>"; };
		EE35271A18CF031100937FB6 /* MOGiftInstance.h */ = {isa = PBXFileReference; fileEncoding = 4; lastKnownFileType = sourcecode.c.h; path = MOGiftInstance.h; sourceTree = "<group>"; };
		EE35271B18CF031100937FB6 /* MOGiftInstance.m */ = {isa = PBXFileReference; fileEncoding = 4; lastKnownFileType = sourcecode.c.objc; path = MOGiftInstance.m; sourceTree = "<group>"; };
		EE35271D18CF031100937FB6 /* MOTaskInstance.h */ = {isa = PBXFileReference; fileEncoding = 4; lastKnownFileType = sourcecode.c.h; path = MOTaskInstance.h; sourceTree = "<group>"; };
		EE35271E18CF031100937FB6 /* MOTaskInstance.m */ = {isa = PBXFileReference; fileEncoding = 4; lastKnownFileType = sourcecode.c.objc; path = MOTaskInstance.m; sourceTree = "<group>"; };
		EE35272318CF03F000937FB6 /* MOTaskTemplate.h */ = {isa = PBXFileReference; fileEncoding = 4; lastKnownFileType = sourcecode.c.h; path = MOTaskTemplate.h; sourceTree = "<group>"; };
		EE35272418CF03F000937FB6 /* MOTaskTemplate.m */ = {isa = PBXFileReference; fileEncoding = 4; lastKnownFileType = sourcecode.c.objc; path = MOTaskTemplate.m; sourceTree = "<group>"; };
		EE35272A18D0353B00937FB6 /* Notifications.h */ = {isa = PBXFileReference; fileEncoding = 4; lastKnownFileType = sourcecode.c.h; path = Notifications.h; sourceTree = "<group>"; };
		EE6B47581885168E00362B84 /* YouBest.app */ = {isa = PBXFileReference; explicitFileType = wrapper.application; includeInIndex = 0; path = YouBest.app; sourceTree = BUILT_PRODUCTS_DIR; };
		EE6B475B1885168E00362B84 /* Foundation.framework */ = {isa = PBXFileReference; lastKnownFileType = wrapper.framework; name = Foundation.framework; path = System/Library/Frameworks/Foundation.framework; sourceTree = SDKROOT; };
		EE6B475D1885168E00362B84 /* CoreGraphics.framework */ = {isa = PBXFileReference; lastKnownFileType = wrapper.framework; name = CoreGraphics.framework; path = System/Library/Frameworks/CoreGraphics.framework; sourceTree = SDKROOT; };
		EE6B475F1885168E00362B84 /* UIKit.framework */ = {isa = PBXFileReference; lastKnownFileType = wrapper.framework; name = UIKit.framework; path = System/Library/Frameworks/UIKit.framework; sourceTree = SDKROOT; };
		EE6B47611885168E00362B84 /* CoreData.framework */ = {isa = PBXFileReference; lastKnownFileType = wrapper.framework; name = CoreData.framework; path = System/Library/Frameworks/CoreData.framework; sourceTree = SDKROOT; };
		EE6B47651885168E00362B84 /* YouBest-Info.plist */ = {isa = PBXFileReference; lastKnownFileType = text.plist.xml; path = "YouBest-Info.plist"; sourceTree = "<group>"; };
		EE6B47671885168E00362B84 /* en */ = {isa = PBXFileReference; lastKnownFileType = text.plist.strings; name = en; path = en.lproj/InfoPlist.strings; sourceTree = "<group>"; };
		EE6B47691885168E00362B84 /* main.m */ = {isa = PBXFileReference; lastKnownFileType = sourcecode.c.objc; path = main.m; sourceTree = "<group>"; };
		EE6B476B1885168E00362B84 /* YouBest-Prefix.pch */ = {isa = PBXFileReference; lastKnownFileType = sourcecode.c.h; path = "YouBest-Prefix.pch"; sourceTree = "<group>"; };
		EE6B476C1885168E00362B84 /* AppDelegate.h */ = {isa = PBXFileReference; lastKnownFileType = sourcecode.c.h; path = AppDelegate.h; sourceTree = "<group>"; };
		EE6B476D1885168E00362B84 /* AppDelegate.m */ = {isa = PBXFileReference; lastKnownFileType = sourcecode.c.objc; path = AppDelegate.m; sourceTree = "<group>"; };
		EE6B47721885168E00362B84 /* Images.xcassets */ = {isa = PBXFileReference; lastKnownFileType = folder.assetcatalog; path = Images.xcassets; sourceTree = "<group>"; };
		EE6B47791885168E00362B84 /* XCTest.framework */ = {isa = PBXFileReference; lastKnownFileType = wrapper.framework; name = XCTest.framework; path = Library/Frameworks/XCTest.framework; sourceTree = DEVELOPER_DIR; };
		EEEE29E518BB222200773F2A /* UINavigationBar+Utils.h */ = {isa = PBXFileReference; fileEncoding = 4; lastKnownFileType = sourcecode.c.h; path = "UINavigationBar+Utils.h"; sourceTree = "<group>"; };
		EEEE29E618BB222200773F2A /* UINavigationBar+Utils.m */ = {isa = PBXFileReference; fileEncoding = 4; lastKnownFileType = sourcecode.c.objc; path = "UINavigationBar+Utils.m"; sourceTree = "<group>"; };
/* End PBXFileReference section */

/* Begin PBXFrameworksBuildPhase section */
		EE6B47551885168E00362B84 /* Frameworks */ = {
			isa = PBXFrameworksBuildPhase;
			buildActionMask = 2147483647;
			files = (
				EE6B475E1885168E00362B84 /* CoreGraphics.framework in Frameworks */,
				EE6B47621885168E00362B84 /* CoreData.framework in Frameworks */,
				EE6B47601885168E00362B84 /* UIKit.framework in Frameworks */,
				EE6B475C1885168E00362B84 /* Foundation.framework in Frameworks */,
			);
			runOnlyForDeploymentPostprocessing = 0;
		};
/* End PBXFrameworksBuildPhase section */

/* Begin PBXGroup section */
		46B21E501891655000952309 /* Utils */ = {
			isa = PBXGroup;
			children = (
				46B21E5718916DA500952309 /* Logger.h */,
				46B21E5818916DA500952309 /* Logger.m */,
				46B21E5918916DA500952309 /* NSManagedObjectContext+Utils.h */,
				46B21E5A18916DA500952309 /* NSManagedObjectContext+Utils.m */,
				EE00FCDE18B71C4700C0E668 /* UIView+Utils.h */,
				EE00FCDF18B71C4700C0E668 /* UIView+Utils.m */,
				EE00FCE118B71CF600C0E668 /* UIViewController+Utils.h */,
				EE00FCE218B71CF600C0E668 /* UIViewController+Utils.m */,
				EEEE29E518BB222200773F2A /* UINavigationBar+Utils.h */,
				EEEE29E618BB222200773F2A /* UINavigationBar+Utils.m */,
				EE26F02B18C096F500B80F47 /* UILabel+Utils.h */,
				EE26F02C18C096F500B80F47 /* UILabel+Utils.m */,
			);
			path = Utils;
			sourceTree = "<group>";
		};
		EE00FC9A18B4831A00C0E668 /* Database */ = {
			isa = PBXGroup;
			children = (
				EE35265118C9BE2C00937FB6 /* YouBest.txt */,
				EE35265218C9BE2C00937FB6 /* YouBest.xcdatamodeld */,
				EE00FCAD18B4834900C0E668 /* Database.h */,
				EE00FCAE18B4834900C0E668 /* Database.m */,
				EE3526FF18CEFE2700937FB6 /* MOOption.h */,
				EE35270018CEFE2700937FB6 /* MOOption.m */,
				EE35270118CEFE2700937FB6 /* MOPlayer.h */,
				EE35270218CEFE2700937FB6 /* MOPlayer.m */,
				EE35272318CF03F000937FB6 /* MOTaskTemplate.h */,
				EE35272418CF03F000937FB6 /* MOTaskTemplate.m */,
				EE35271D18CF031100937FB6 /* MOTaskInstance.h */,
				EE35271E18CF031100937FB6 /* MOTaskInstance.m */,
				EE35270518CEFE2700937FB6 /* MOTaskRecord.h */,
				EE35270618CEFE2700937FB6 /* MOTaskRecord.m */,
				EE35271718CF031000937FB6 /* MOGiftTemplate.h */,
				EE35271818CF031000937FB6 /* MOGiftTemplate.m */,
				EE35271A18CF031100937FB6 /* MOGiftInstance.h */,
				EE35271B18CF031100937FB6 /* MOGiftInstance.m */,
				EE3526FB18CEFE2700937FB6 /* MOGiftRecord.h */,
				EE3526FC18CEFE2700937FB6 /* MOGiftRecord.m */,
			);
			path = Database;
			sourceTree = "<group>";
		};
		EE00FCB018B4967B00C0E668 /* Data */ = {
			isa = PBXGroup;
			children = (
				EE00FCB118B4968D00C0E668 /* YBPlayer.h */,
				EE00FCB218B4968D00C0E668 /* YBPlayer.m */,
				EE35271118CEFE9D00937FB6 /* YBTaskInstance.h */,
				EE35271218CEFE9D00937FB6 /* YBTaskInstance.m */,
				EE35271418CEFEA900937FB6 /* YBGiftInstance.h */,
				EE35271518CEFEA900937FB6 /* YBGiftInstance.m */,
			);
			path = Data;
			sourceTree = "<group>";
		};
		EE35261118C9BD0400937FB6 /* UI */ = {
			isa = PBXGroup;
			children = (
				EE35266818C9C0F100937FB6 /* UI.txt */,
				EE3526D918CDB6B700937FB6 /* YouBest.storyboard */,
				EE35272918D0350E00937FB6 /* Common */,
				EE3526B318C9C8E000937FB6 /* Navigation */,
				EE3526B618C9C8E000937FB6 /* Player */,
				EE3526BB18C9C8E000937FB6 /* Task */,
				EE3526B018C9C8E000937FB6 /* Gift */,
				EE3526BE18C9C8E000937FB6 /* Wish */,
				EE35261218C9BD0400937FB6 /* Images */,
			);
			path = UI;
			sourceTree = "<group>";
		};
		EE35261218C9BD0400937FB6 /* Images */ = {
			isa = PBXGroup;
			children = (
				EE35261318C9BD0400937FB6 /* coin_16.png */,
				EE35261418C9BD0400937FB6 /* coin_16@2x.png */,
				EE35261718C9BD0400937FB6 /* gear_16.png */,
				EE35261818C9BD0400937FB6 /* gear_16@2x.png */,
				EE35261D18C9BD0400937FB6 /* gift_24.png */,
				EE35261E18C9BD0400937FB6 /* gift_24@2x.png */,
				EE35262518C9BD0400937FB6 /* strawberry_24.png */,
				EE35262618C9BD0400937FB6 /* strawberry_24@2x.png */,
				EE35262818C9BD0400937FB6 /* task_24.png */,
			);
			path = Images;
			sourceTree = "<group>";
		};
		EE3526B018C9C8E000937FB6 /* Gift */ = {
			isa = PBXGroup;
			children = (
				EE3526B118C9C8E000937FB6 /* AllGiftsViewController.h */,
				EE3526B218C9C8E000937FB6 /* AllGiftsViewController.m */,
				EE3526CD18C9CBB300937FB6 /* GiftDetailsViewController.h */,
				EE3526CE18C9CBB300937FB6 /* GiftDetailsViewController.m */,
				EE3526D018C9CBBF00937FB6 /* GiftEditingViewController.h */,
				EE3526D118C9CBBF00937FB6 /* GiftEditingViewController.m */,
			);
			path = Gift;
			sourceTree = "<group>";
		};
		EE3526B318C9C8E000937FB6 /* Navigation */ = {
			isa = PBXGroup;
			children = (
				EE3526B418C9C8E000937FB6 /* RootNavigationController.h */,
				EE3526B518C9C8E000937FB6 /* RootNavigationController.m */,
			);
			path = Navigation;
			sourceTree = "<group>";
		};
		EE3526B618C9C8E000937FB6 /* Player */ = {
			isa = PBXGroup;
			children = (
				EE3526B718C9C8E000937FB6 /* AllPlayersViewController.h */,
				EE3526B818C9C8E000937FB6 /* AllPlayersViewController.m */,
				EE3526B918C9C8E000937FB6 /* PlayerTabBarController.h */,
				EE3526BA18C9C8E000937FB6 /* PlayerTabBarController.m */,
			);
			path = Player;
			sourceTree = "<group>";
		};
		EE3526BB18C9C8E000937FB6 /* Task */ = {
			isa = PBXGroup;
			children = (
				EE3526BC18C9C8E000937FB6 /* AllTasksViewController.h */,
				EE3526BD18C9C8E000937FB6 /* AllTasksViewController.m */,
				EE3526C718C9CB9A00937FB6 /* TaskDetailsViewController.h */,
				EE3526C818C9CB9A00937FB6 /* TaskDetailsViewController.m */,
				EE3526CA18C9CBA500937FB6 /* TaskEditingViewController.h */,
				EE3526CB18C9CBA500937FB6 /* TaskEditingViewController.m */,
			);
			path = Task;
			sourceTree = "<group>";
		};
		EE3526BE18C9C8E000937FB6 /* Wish */ = {
			isa = PBXGroup;
			children = (
				EE3526BF18C9C8E000937FB6 /* AllWishesViewController.h */,
				EE3526C018C9C8E000937FB6 /* AllWishesViewController.m */,
				EE3526D318C9CBCB00937FB6 /* WishDetailsViewController.h */,
				EE3526D418C9CBCB00937FB6 /* WishDetailsViewController.m */,
				EE3526D618C9CBD500937FB6 /* WishEditingViewController.h */,
				EE3526D718C9CBD500937FB6 /* WishEditingViewController.m */,
			);
			path = Wish;
			sourceTree = "<group>";
		};
		EE35272918D0350E00937FB6 /* Common */ = {
			isa = PBXGroup;
			children = (
				EE35272A18D0353B00937FB6 /* Notifications.h */,
			);
			path = Common;
			sourceTree = "<group>";
		};
		EE6B474F1885168E00362B84 = {
			isa = PBXGroup;
			children = (
				EE6B47631885168E00362B84 /* YouBest */,
				EE6B475A1885168E00362B84 /* Frameworks */,
				EE6B47591885168E00362B84 /* Products */,
			);
			sourceTree = "<group>";
		};
		EE6B47591885168E00362B84 /* Products */ = {
			isa = PBXGroup;
			children = (
				EE6B47581885168E00362B84 /* YouBest.app */,
			);
			name = Products;
			sourceTree = "<group>";
		};
		EE6B475A1885168E00362B84 /* Frameworks */ = {
			isa = PBXGroup;
			children = (
				EE6B475B1885168E00362B84 /* Foundation.framework */,
				EE6B475D1885168E00362B84 /* CoreGraphics.framework */,
				EE6B475F1885168E00362B84 /* UIKit.framework */,
				EE6B47611885168E00362B84 /* CoreData.framework */,
				EE6B47791885168E00362B84 /* XCTest.framework */,
			);
			name = Frameworks;
			sourceTree = "<group>";
		};
		EE6B47631885168E00362B84 /* YouBest */ = {
			isa = PBXGroup;
			children = (
				EE6B476C1885168E00362B84 /* AppDelegate.h */,
				EE6B476D1885168E00362B84 /* AppDelegate.m */,
				EE6B47721885168E00362B84 /* Images.xcassets */,
				EE35261118C9BD0400937FB6 /* UI */,
				EE00FCB018B4967B00C0E668 /* Data */,
				EE00FC9A18B4831A00C0E668 /* Database */,
				46B21E501891655000952309 /* Utils */,
				EE6B47641885168E00362B84 /* Supporting Files */,
			);
			path = YouBest;
			sourceTree = "<group>";
		};
		EE6B47641885168E00362B84 /* Supporting Files */ = {
			isa = PBXGroup;
			children = (
				EE6B47651885168E00362B84 /* YouBest-Info.plist */,
				EE6B47661885168E00362B84 /* InfoPlist.strings */,
				EE6B47691885168E00362B84 /* main.m */,
				EE6B476B1885168E00362B84 /* YouBest-Prefix.pch */,
			);
			name = "Supporting Files";
			sourceTree = "<group>";
		};
/* End PBXGroup section */

/* Begin PBXNativeTarget section */
		EE6B47571885168E00362B84 /* YouBest */ = {
			isa = PBXNativeTarget;
			buildConfigurationList = EE6B478A1885168E00362B84 /* Build configuration list for PBXNativeTarget "YouBest" */;
			buildPhases = (
				EE6B47541885168E00362B84 /* Sources */,
				EE6B47551885168E00362B84 /* Frameworks */,
				EE6B47561885168E00362B84 /* Resources */,
			);
			buildRules = (
			);
			dependencies = (
			);
			name = YouBest;
			productName = YouBest;
			productReference = EE6B47581885168E00362B84 /* YouBest.app */;
			productType = "com.apple.product-type.application";
		};
/* End PBXNativeTarget section */

/* Begin PBXProject section */
		EE6B47501885168E00362B84 /* Project object */ = {
			isa = PBXProject;
			attributes = {
				LastUpgradeCheck = 0500;
				ORGANIZATIONNAME = family;
				TargetAttributes = {
					EE6B47571885168E00362B84 = {
						DevelopmentTeam = 74G5LGJ29X;
					};
				};
			};
			buildConfigurationList = EE6B47531885168E00362B84 /* Build configuration list for PBXProject "YouBest" */;
			compatibilityVersion = "Xcode 3.2";
			developmentRegion = English;
			hasScannedForEncodings = 0;
			knownRegions = (
				en,
			);
			mainGroup = EE6B474F1885168E00362B84;
			productRefGroup = EE6B47591885168E00362B84 /* Products */;
			projectDirPath = "";
			projectRoot = "";
			targets = (
				EE6B47571885168E00362B84 /* YouBest */,
			);
		};
/* End PBXProject section */

/* Begin PBXResourcesBuildPhase section */
		EE6B47561885168E00362B84 /* Resources */ = {
			isa = PBXResourcesBuildPhase;
			buildActionMask = 2147483647;
			files = (
				EE35263C18C9BD0400937FB6 /* strawberry_24@2x.png in Resources */,
				EE35262D18C9BD0400937FB6 /* gear_16.png in Resources */,
				EE35262A18C9BD0400937FB6 /* coin_16@2x.png in Resources */,
				EE35263418C9BD0400937FB6 /* gift_24@2x.png in Resources */,
				EE35263E18C9BD0400937FB6 /* task_24.png in Resources */,
				EE35266918C9C0F100937FB6 /* UI.txt in Resources */,
				EE35263B18C9BD0400937FB6 /* strawberry_24.png in Resources */,
				EE35263318C9BD0400937FB6 /* gift_24.png in Resources */,
				EE6B47681885168E00362B84 /* InfoPlist.strings in Resources */,
				EE35262918C9BD0400937FB6 /* coin_16.png in Resources */,
				EE6B47731885168E00362B84 /* Images.xcassets in Resources */,
				EE3526DA18CDB6B700937FB6 /* YouBest.storyboard in Resources */,
				EE35262E18C9BD0400937FB6 /* gear_16@2x.png in Resources */,
				EE35265418C9BE2C00937FB6 /* YouBest.txt in Resources */,
			);
			runOnlyForDeploymentPostprocessing = 0;
		};
/* End PBXResourcesBuildPhase section */

/* Begin PBXSourcesBuildPhase section */
		EE6B47541885168E00362B84 /* Sources */ = {
			isa = PBXSourcesBuildPhase;
			buildActionMask = 2147483647;
			files = (
				EE35272518CF03F000937FB6 /* MOTaskTemplate.m in Sources */,
				EE3526C318C9C8E000937FB6 /* AllPlayersViewController.m in Sources */,
				EE6B476E1885168E00362B84 /* AppDelegate.m in Sources */,
				EE3526D218C9CBBF00937FB6 /* GiftEditingViewController.m in Sources */,
				EE3526D818C9CBD500937FB6 /* WishEditingViewController.m in Sources */,
				46B21E5B18916DA500952309 /* Logger.m in Sources */,
				EE35265518C9BE2C00937FB6 /* YouBest.xcdatamodeld in Sources */,
				EE35270D18CEFE2700937FB6 /* MOPlayer.m in Sources */,
				EE00FCE318B71CF600C0E668 /* UIViewController+Utils.m in Sources */,
				EE00FCB318B4968D00C0E668 /* YBPlayer.m in Sources */,
				46B21E5C18916DA500952309 /* NSManagedObjectContext+Utils.m in Sources */,
				EE35271C18CF031100937FB6 /* MOGiftInstance.m in Sources */,
				EE3526CC18C9CBA500937FB6 /* TaskEditingViewController.m in Sources */,
				EE3526C418C9C8E000937FB6 /* PlayerTabBarController.m in Sources */,
				EE3526C218C9C8E000937FB6 /* RootNavigationController.m in Sources */,
				EEEE29E718BB222200773F2A /* UINavigationBar+Utils.m in Sources */,
				EE3526C518C9C8E000937FB6 /* AllTasksViewController.m in Sources */,
				EE3526C618C9C8E000937FB6 /* AllWishesViewController.m in Sources */,
				EE00FCE018B71C4700C0E668 /* UIView+Utils.m in Sources */,
				EE35271F18CF031100937FB6 /* MOTaskInstance.m in Sources */,
				EE35270A18CEFE2700937FB6 /* MOGiftRecord.m in Sources */,
				EE35270F18CEFE2700937FB6 /* MOTaskRecord.m in Sources */,
				EE3526C918C9CB9A00937FB6 /* TaskDetailsViewController.m in Sources */,
				EE3526D518C9CBCB00937FB6 /* WishDetailsViewController.m in Sources */,
				EE3526CF18C9CBB300937FB6 /* GiftDetailsViewController.m in Sources */,
				EE35271318CEFE9D00937FB6 /* YBTaskInstance.m in Sources */,
				EE26F02D18C096F500B80F47 /* UILabel+Utils.m in Sources */,
				EE00FCAF18B4834900C0E668 /* Database.m in Sources */,
				EE35271918CF031000937FB6 /* MOGiftTemplate.m in Sources */,
				EE35271618CEFEA900937FB6 /* YBGiftInstance.m in Sources */,
				EE3526C118C9C8E000937FB6 /* AllGiftsViewController.m in Sources */,
				EE35270C18CEFE2700937FB6 /* MOOption.m in Sources */,
				EE6B476A1885168E00362B84 /* main.m in Sources */,
			);
			runOnlyForDeploymentPostprocessing = 0;
		};
/* End PBXSourcesBuildPhase section */

/* Begin PBXVariantGroup section */
		EE6B47661885168E00362B84 /* InfoPlist.strings */ = {
			isa = PBXVariantGroup;
			children = (
				EE6B47671885168E00362B84 /* en */,
			);
			name = InfoPlist.strings;
			sourceTree = "<group>";
		};
/* End PBXVariantGroup section */

/* Begin XCBuildConfiguration section */
		EE6B47881885168E00362B84 /* Debug */ = {
			isa = XCBuildConfiguration;
			buildSettings = {
				ALWAYS_SEARCH_USER_PATHS = NO;
				ARCHS = "$(ARCHS_STANDARD_INCLUDING_64_BIT)";
				CLANG_CXX_LANGUAGE_STANDARD = "gnu++0x";
				CLANG_CXX_LIBRARY = "libc++";
				CLANG_ENABLE_MODULES = YES;
				CLANG_ENABLE_OBJC_ARC = YES;
				CLANG_WARN_BOOL_CONVERSION = YES;
				CLANG_WARN_CONSTANT_CONVERSION = YES;
				CLANG_WARN_DIRECT_OBJC_ISA_USAGE = YES_ERROR;
				CLANG_WARN_EMPTY_BODY = YES;
				CLANG_WARN_ENUM_CONVERSION = YES;
				CLANG_WARN_INT_CONVERSION = YES;
				CLANG_WARN_OBJC_ROOT_CLASS = YES_ERROR;
				CLANG_WARN__DUPLICATE_METHOD_MATCH = YES;
				"CODE_SIGN_IDENTITY[sdk=iphoneos*]" = "iPhone Developer";
				COPY_PHASE_STRIP = NO;
				GCC_C_LANGUAGE_STANDARD = gnu99;
				GCC_DYNAMIC_NO_PIC = NO;
				GCC_OPTIMIZATION_LEVEL = 0;
				GCC_PREPROCESSOR_DEFINITIONS = (
					"DEBUG=1",
					"$(inherited)",
				);
				GCC_SYMBOLS_PRIVATE_EXTERN = NO;
				GCC_WARN_64_TO_32_BIT_CONVERSION = YES;
				GCC_WARN_ABOUT_RETURN_TYPE = YES_ERROR;
				GCC_WARN_UNDECLARED_SELECTOR = YES;
				GCC_WARN_UNINITIALIZED_AUTOS = YES;
				GCC_WARN_UNUSED_FUNCTION = YES;
				GCC_WARN_UNUSED_VARIABLE = YES;
				IPHONEOS_DEPLOYMENT_TARGET = 7.0;
				ONLY_ACTIVE_ARCH = YES;
				SDKROOT = iphoneos;
			};
			name = Debug;
		};
		EE6B47891885168E00362B84 /* Release */ = {
			isa = XCBuildConfiguration;
			buildSettings = {
				ALWAYS_SEARCH_USER_PATHS = NO;
				ARCHS = "$(ARCHS_STANDARD_INCLUDING_64_BIT)";
				CLANG_CXX_LANGUAGE_STANDARD = "gnu++0x";
				CLANG_CXX_LIBRARY = "libc++";
				CLANG_ENABLE_MODULES = YES;
				CLANG_ENABLE_OBJC_ARC = YES;
				CLANG_WARN_BOOL_CONVERSION = YES;
				CLANG_WARN_CONSTANT_CONVERSION = YES;
				CLANG_WARN_DIRECT_OBJC_ISA_USAGE = YES_ERROR;
				CLANG_WARN_EMPTY_BODY = YES;
				CLANG_WARN_ENUM_CONVERSION = YES;
				CLANG_WARN_INT_CONVERSION = YES;
				CLANG_WARN_OBJC_ROOT_CLASS = YES_ERROR;
				CLANG_WARN__DUPLICATE_METHOD_MATCH = YES;
				"CODE_SIGN_IDENTITY[sdk=iphoneos*]" = "iPhone Developer";
				COPY_PHASE_STRIP = YES;
				ENABLE_NS_ASSERTIONS = NO;
				GCC_C_LANGUAGE_STANDARD = gnu99;
				GCC_WARN_64_TO_32_BIT_CONVERSION = YES;
				GCC_WARN_ABOUT_RETURN_TYPE = YES_ERROR;
				GCC_WARN_UNDECLARED_SELECTOR = YES;
				GCC_WARN_UNINITIALIZED_AUTOS = YES;
				GCC_WARN_UNUSED_FUNCTION = YES;
				GCC_WARN_UNUSED_VARIABLE = YES;
				IPHONEOS_DEPLOYMENT_TARGET = 7.0;
				SDKROOT = iphoneos;
				VALIDATE_PRODUCT = YES;
			};
			name = Release;
		};
		EE6B478B1885168E00362B84 /* Debug */ = {
			isa = XCBuildConfiguration;
			buildSettings = {
				ASSETCATALOG_COMPILER_APPICON_NAME = AppIcon;
				ASSETCATALOG_COMPILER_LAUNCHIMAGE_NAME = LaunchImage;
				GCC_PRECOMPILE_PREFIX_HEADER = YES;
				GCC_PREFIX_HEADER = "YouBest/YouBest-Prefix.pch";
				INFOPLIST_FILE = "YouBest/YouBest-Info.plist";
				PRODUCT_NAME = "$(TARGET_NAME)";
				WRAPPER_EXTENSION = app;
			};
			name = Debug;
		};
		EE6B478C1885168E00362B84 /* Release */ = {
			isa = XCBuildConfiguration;
			buildSettings = {
				ASSETCATALOG_COMPILER_APPICON_NAME = AppIcon;
				ASSETCATALOG_COMPILER_LAUNCHIMAGE_NAME = LaunchImage;
				GCC_PRECOMPILE_PREFIX_HEADER = YES;
				GCC_PREFIX_HEADER = "YouBest/YouBest-Prefix.pch";
				INFOPLIST_FILE = "YouBest/YouBest-Info.plist";
				PRODUCT_NAME = "$(TARGET_NAME)";
				WRAPPER_EXTENSION = app;
			};
			name = Release;
		};
/* End XCBuildConfiguration section */

/* Begin XCConfigurationList section */
		EE6B47531885168E00362B84 /* Build configuration list for PBXProject "YouBest" */ = {
			isa = XCConfigurationList;
			buildConfigurations = (
				EE6B47881885168E00362B84 /* Debug */,
				EE6B47891885168E00362B84 /* Release */,
			);
			defaultConfigurationIsVisible = 0;
			defaultConfigurationName = Release;
		};
		EE6B478A1885168E00362B84 /* Build configuration list for PBXNativeTarget "YouBest" */ = {
			isa = XCConfigurationList;
			buildConfigurations = (
				EE6B478B1885168E00362B84 /* Debug */,
				EE6B478C1885168E00362B84 /* Release */,
			);
			defaultConfigurationIsVisible = 0;
			defaultConfigurationName = Release;
		};
/* End XCConfigurationList section */

/* Begin XCVersionGroup section */
		EE35265218C9BE2C00937FB6 /* YouBest.xcdatamodeld */ = {
			isa = XCVersionGroup;
			children = (
				EE35265318C9BE2C00937FB6 /* YouBest.xcdatamodel */,
			);
			currentVersion = EE35265318C9BE2C00937FB6 /* YouBest.xcdatamodel */;
			path = YouBest.xcdatamodeld;
			sourceTree = "<group>";
			versionGroupType = wrapper.xcdatamodel;
		};
/* End XCVersionGroup section */
	};
	rootObject = EE6B47501885168E00362B84 /* Project object */;
}
