// !$*UTF8*$!
{
	archiveVersion = 1;
	classes = {
	};
	objectVersion = 46;
	objects = {

/* Begin PBXBuildFile section */
		46B21E5B18916DA500952309 /* Logger.m in Sources */ = {isa = PBXBuildFile; fileRef = 46B21E5818916DA500952309 /* Logger.m */; };
		46B21E5C18916DA500952309 /* NSManagedObjectContext+Utils.m in Sources */ = {isa = PBXBuildFile; fileRef = 46B21E5A18916DA500952309 /* NSManagedObjectContext+Utils.m */; };
		46EA75B71A0A57C5001D1F6D /* Cooking-48.png in Resources */ = {isa = PBXBuildFile; fileRef = 46EA75B51A0A57C5001D1F6D /* Cooking-48.png */; };
		46EA75B81A0A57C5001D1F6D /* Unknown-48.png in Resources */ = {isa = PBXBuildFile; fileRef = 46EA75B61A0A57C5001D1F6D /* Unknown-48.png */; };
		EE00FCE018B71C4700C0E668 /* UIView+Utils.m in Sources */ = {isa = PBXBuildFile; fileRef = EE00FCDF18B71C4700C0E668 /* UIView+Utils.m */; };
		EE00FCE318B71CF600C0E668 /* UIViewController+Utils.m in Sources */ = {isa = PBXBuildFile; fileRef = EE00FCE218B71CF600C0E668 /* UIViewController+Utils.m */; };
		EE26F02D18C096F500B80F47 /* UILabel+Utils.m in Sources */ = {isa = PBXBuildFile; fileRef = EE26F02C18C096F500B80F47 /* UILabel+Utils.m */; };
		EE4EB0F61A10B99600ABD31D /* TasksViewController.m in Sources */ = {isa = PBXBuildFile; fileRef = EE4EB0F51A10B99600ABD31D /* TasksViewController.m */; };
		EE4EB0F91A10B9DD00ABD31D /* TasksViewCell.m in Sources */ = {isa = PBXBuildFile; fileRef = EE4EB0F81A10B9DD00ABD31D /* TasksViewCell.m */; };
		EE4EB1031A10BE7100ABD31D /* Sun_128.png in Resources */ = {isa = PBXBuildFile; fileRef = EE4EB0FB1A10BE7100ABD31D /* Sun_128.png */; };
		EE4EB1041A10BE7100ABD31D /* Sun_16.png in Resources */ = {isa = PBXBuildFile; fileRef = EE4EB0FC1A10BE7100ABD31D /* Sun_16.png */; };
		EE4EB1051A10BE7100ABD31D /* Sun_24.png in Resources */ = {isa = PBXBuildFile; fileRef = EE4EB0FD1A10BE7100ABD31D /* Sun_24.png */; };
		EE4EB1061A10BE7100ABD31D /* Sun_32.png in Resources */ = {isa = PBXBuildFile; fileRef = EE4EB0FE1A10BE7100ABD31D /* Sun_32.png */; };
		EE4EB1071A10BE7100ABD31D /* Sun_48.png in Resources */ = {isa = PBXBuildFile; fileRef = EE4EB0FF1A10BE7100ABD31D /* Sun_48.png */; };
		EE4EB1081A10BE7100ABD31D /* Sun_64.png in Resources */ = {isa = PBXBuildFile; fileRef = EE4EB1001A10BE7100ABD31D /* Sun_64.png */; };
		EE4EB1091A10BE7100ABD31D /* Sun_72.png in Resources */ = {isa = PBXBuildFile; fileRef = EE4EB1011A10BE7100ABD31D /* Sun_72.png */; };
		EE4EB10A1A10BE7100ABD31D /* Sun_96.png in Resources */ = {isa = PBXBuildFile; fileRef = EE4EB1021A10BE7100ABD31D /* Sun_96.png */; };
		EE4EB1141A10C01D00ABD31D /* Moon_128.png in Resources */ = {isa = PBXBuildFile; fileRef = EE4EB10C1A10C01D00ABD31D /* Moon_128.png */; };
		EE4EB1151A10C01D00ABD31D /* Moon_16.png in Resources */ = {isa = PBXBuildFile; fileRef = EE4EB10D1A10C01D00ABD31D /* Moon_16.png */; };
		EE4EB1161A10C01D00ABD31D /* Moon_24.png in Resources */ = {isa = PBXBuildFile; fileRef = EE4EB10E1A10C01D00ABD31D /* Moon_24.png */; };
		EE4EB1171A10C01D00ABD31D /* Moon_32.png in Resources */ = {isa = PBXBuildFile; fileRef = EE4EB10F1A10C01D00ABD31D /* Moon_32.png */; };
		EE4EB1181A10C01D00ABD31D /* Moon_48.png in Resources */ = {isa = PBXBuildFile; fileRef = EE4EB1101A10C01D00ABD31D /* Moon_48.png */; };
		EE4EB1191A10C01D00ABD31D /* Moon_64.png in Resources */ = {isa = PBXBuildFile; fileRef = EE4EB1111A10C01D00ABD31D /* Moon_64.png */; };
		EE4EB11A1A10C01D00ABD31D /* Moon_72.png in Resources */ = {isa = PBXBuildFile; fileRef = EE4EB1121A10C01D00ABD31D /* Moon_72.png */; };
		EE4EB11B1A10C01D00ABD31D /* Moon_96.png in Resources */ = {isa = PBXBuildFile; fileRef = EE4EB1131A10C01D00ABD31D /* Moon_96.png */; };
		EE4EB1251A10C1DF00ABD31D /* Star_128.png in Resources */ = {isa = PBXBuildFile; fileRef = EE4EB11D1A10C1DF00ABD31D /* Star_128.png */; };
		EE4EB1261A10C1DF00ABD31D /* Star_16.png in Resources */ = {isa = PBXBuildFile; fileRef = EE4EB11E1A10C1DF00ABD31D /* Star_16.png */; };
		EE4EB1271A10C1DF00ABD31D /* Star_24.png in Resources */ = {isa = PBXBuildFile; fileRef = EE4EB11F1A10C1DF00ABD31D /* Star_24.png */; };
		EE4EB1281A10C1DF00ABD31D /* Star_32.png in Resources */ = {isa = PBXBuildFile; fileRef = EE4EB1201A10C1DF00ABD31D /* Star_32.png */; };
		EE4EB1291A10C1DF00ABD31D /* Star_48.png in Resources */ = {isa = PBXBuildFile; fileRef = EE4EB1211A10C1DF00ABD31D /* Star_48.png */; };
		EE4EB12A1A10C1DF00ABD31D /* Star_72.png in Resources */ = {isa = PBXBuildFile; fileRef = EE4EB1221A10C1DF00ABD31D /* Star_72.png */; };
		EE4EB12B1A10C1DF00ABD31D /* Star_96.png in Resources */ = {isa = PBXBuildFile; fileRef = EE4EB1231A10C1DF00ABD31D /* Star_96.png */; };
		EE4EB12C1A10C1DF00ABD31D /* Start_64.png in Resources */ = {isa = PBXBuildFile; fileRef = EE4EB1241A10C1DF00ABD31D /* Start_64.png */; };
		EE4EB12E1A12094200ABD31D /* Main.storyboard in Resources */ = {isa = PBXBuildFile; fileRef = EE4EB12D1A12094200ABD31D /* Main.storyboard */; };
		EE4EB1361A134D8500ABD31D /* GiftsViewController.m in Sources */ = {isa = PBXBuildFile; fileRef = EE4EB1351A134D8500ABD31D /* GiftsViewController.m */; };
		EE4EB1391A1350E300ABD31D /* GiftsViewCell.m in Sources */ = {isa = PBXBuildFile; fileRef = EE4EB1381A1350E300ABD31D /* GiftsViewCell.m */; };
		EE4EB13C1A13533A00ABD31D /* Main.xcdatamodeld in Sources */ = {isa = PBXBuildFile; fileRef = EE4EB13A1A13533A00ABD31D /* Main.xcdatamodeld */; };
		EE4EB13F1A13556C00ABD31D /* GiftData.m in Sources */ = {isa = PBXBuildFile; fileRef = EE4EB13E1A13556C00ABD31D /* GiftData.m */; };
		EE4EB1421A13556D00ABD31D /* TaskData.m in Sources */ = {isa = PBXBuildFile; fileRef = EE4EB1411A13556D00ABD31D /* TaskData.m */; };
		EE4EB1451A13573C00ABD31D /* TaskInfo.m in Sources */ = {isa = PBXBuildFile; fileRef = EE4EB1441A13573C00ABD31D /* TaskInfo.m */; };
		EE4EB1481A13580900ABD31D /* GiftInfo.m in Sources */ = {isa = PBXBuildFile; fileRef = EE4EB1471A13580900ABD31D /* GiftInfo.m */; };
		EE4EB14B1A1358F800ABD31D /* Database.m in Sources */ = {isa = PBXBuildFile; fileRef = EE4EB14A1A1358F800ABD31D /* Database.m */; };
		EE4EB1551A1975DF00ABD31D /* coin_16.png in Resources */ = {isa = PBXBuildFile; fileRef = EE4EB14C1A1975DE00ABD31D /* coin_16.png */; };
		EE4EB1561A1975DF00ABD31D /* coin_16@2x.png in Resources */ = {isa = PBXBuildFile; fileRef = EE4EB14D1A1975DF00ABD31D /* coin_16@2x.png */; };
		EE4EB1571A1975DF00ABD31D /* gear_16.png in Resources */ = {isa = PBXBuildFile; fileRef = EE4EB14E1A1975DF00ABD31D /* gear_16.png */; };
		EE4EB1581A1975DF00ABD31D /* gear_16@2x.png in Resources */ = {isa = PBXBuildFile; fileRef = EE4EB14F1A1975DF00ABD31D /* gear_16@2x.png */; };
		EE4EB1591A1975DF00ABD31D /* gift_24.png in Resources */ = {isa = PBXBuildFile; fileRef = EE4EB1501A1975DF00ABD31D /* gift_24.png */; };
		EE4EB15A1A1975DF00ABD31D /* gift_24@2x.png in Resources */ = {isa = PBXBuildFile; fileRef = EE4EB1511A1975DF00ABD31D /* gift_24@2x.png */; };
		EE4EB15B1A1975DF00ABD31D /* strawberry_24.png in Resources */ = {isa = PBXBuildFile; fileRef = EE4EB1521A1975DF00ABD31D /* strawberry_24.png */; };
		EE4EB15C1A1975DF00ABD31D /* strawberry_24@2x.png in Resources */ = {isa = PBXBuildFile; fileRef = EE4EB1531A1975DF00ABD31D /* strawberry_24@2x.png */; };
		EE4EB15D1A1975DF00ABD31D /* task_24.png in Resources */ = {isa = PBXBuildFile; fileRef = EE4EB1541A1975DF00ABD31D /* task_24.png */; };
		EE4EB1601A199C9400ABD31D /* MainViewController.m in Sources */ = {isa = PBXBuildFile; fileRef = EE4EB15F1A199C9400ABD31D /* MainViewController.m */; };
		EE6B475C1885168E00362B84 /* Foundation.framework in Frameworks */ = {isa = PBXBuildFile; fileRef = EE6B475B1885168E00362B84 /* Foundation.framework */; };
		EE6B475E1885168E00362B84 /* CoreGraphics.framework in Frameworks */ = {isa = PBXBuildFile; fileRef = EE6B475D1885168E00362B84 /* CoreGraphics.framework */; };
		EE6B47601885168E00362B84 /* UIKit.framework in Frameworks */ = {isa = PBXBuildFile; fileRef = EE6B475F1885168E00362B84 /* UIKit.framework */; };
		EE6B47621885168E00362B84 /* CoreData.framework in Frameworks */ = {isa = PBXBuildFile; fileRef = EE6B47611885168E00362B84 /* CoreData.framework */; };
		EE6B47681885168E00362B84 /* InfoPlist.strings in Resources */ = {isa = PBXBuildFile; fileRef = EE6B47661885168E00362B84 /* InfoPlist.strings */; };
		EE6B476A1885168E00362B84 /* main.m in Sources */ = {isa = PBXBuildFile; fileRef = EE6B47691885168E00362B84 /* main.m */; };
		EE6B476E1885168E00362B84 /* AppDelegate.m in Sources */ = {isa = PBXBuildFile; fileRef = EE6B476D1885168E00362B84 /* AppDelegate.m */; };
		EE6B47731885168E00362B84 /* Images.xcassets in Resources */ = {isa = PBXBuildFile; fileRef = EE6B47721885168E00362B84 /* Images.xcassets */; };
		EE973EDB18EA67A800C43728 /* UIButton+UITableView.m in Sources */ = {isa = PBXBuildFile; fileRef = EE973EDA18EA67A800C43728 /* UIButton+UITableView.m */; };
		EEBAD6351A1AC95200FA4EB8 /* TaskEditingViewController.m in Sources */ = {isa = PBXBuildFile; fileRef = EEBAD6341A1AC95200FA4EB8 /* TaskEditingViewController.m */; };
		EEEE29E718BB222200773F2A /* UINavigationBar+Utils.m in Sources */ = {isa = PBXBuildFile; fileRef = EEEE29E618BB222200773F2A /* UINavigationBar+Utils.m */; };
/* End PBXBuildFile section */

/* Begin PBXFileReference section */
		46B21E5718916DA500952309 /* Logger.h */ = {isa = PBXFileReference; fileEncoding = 4; lastKnownFileType = sourcecode.c.h; path = Logger.h; sourceTree = "<group>"; };
		46B21E5818916DA500952309 /* Logger.m */ = {isa = PBXFileReference; fileEncoding = 4; lastKnownFileType = sourcecode.c.objc; path = Logger.m; sourceTree = "<group>"; };
		46B21E5918916DA500952309 /* NSManagedObjectContext+Utils.h */ = {isa = PBXFileReference; fileEncoding = 4; lastKnownFileType = sourcecode.c.h; path = "NSManagedObjectContext+Utils.h"; sourceTree = "<group>"; };
		46B21E5A18916DA500952309 /* NSManagedObjectContext+Utils.m */ = {isa = PBXFileReference; fileEncoding = 4; lastKnownFileType = sourcecode.c.objc; path = "NSManagedObjectContext+Utils.m"; sourceTree = "<group>"; };
		46EA75B51A0A57C5001D1F6D /* Cooking-48.png */ = {isa = PBXFileReference; lastKnownFileType = image.png; path = "Cooking-48.png"; sourceTree = "<group>"; };
		46EA75B61A0A57C5001D1F6D /* Unknown-48.png */ = {isa = PBXFileReference; lastKnownFileType = image.png; path = "Unknown-48.png"; sourceTree = "<group>"; };
		EE00FCDE18B71C4700C0E668 /* UIView+Utils.h */ = {isa = PBXFileReference; fileEncoding = 4; lastKnownFileType = sourcecode.c.h; path = "UIView+Utils.h"; sourceTree = "<group>"; };
		EE00FCDF18B71C4700C0E668 /* UIView+Utils.m */ = {isa = PBXFileReference; fileEncoding = 4; lastKnownFileType = sourcecode.c.objc; path = "UIView+Utils.m"; sourceTree = "<group>"; };
		EE00FCE118B71CF600C0E668 /* UIViewController+Utils.h */ = {isa = PBXFileReference; fileEncoding = 4; lastKnownFileType = sourcecode.c.h; path = "UIViewController+Utils.h"; sourceTree = "<group>"; };
		EE00FCE218B71CF600C0E668 /* UIViewController+Utils.m */ = {isa = PBXFileReference; fileEncoding = 4; lastKnownFileType = sourcecode.c.objc; path = "UIViewController+Utils.m"; sourceTree = "<group>"; };
		EE26F02B18C096F500B80F47 /* UILabel+Utils.h */ = {isa = PBXFileReference; fileEncoding = 4; lastKnownFileType = sourcecode.c.h; path = "UILabel+Utils.h"; sourceTree = "<group>"; };
		EE26F02C18C096F500B80F47 /* UILabel+Utils.m */ = {isa = PBXFileReference; fileEncoding = 4; lastKnownFileType = sourcecode.c.objc; path = "UILabel+Utils.m"; sourceTree = "<group>"; };
		EE35272A18D0353B00937FB6 /* Notifications.h */ = {isa = PBXFileReference; fileEncoding = 4; lastKnownFileType = sourcecode.c.h; path = Notifications.h; sourceTree = "<group>"; };
		EE4EB0F41A10B99600ABD31D /* TasksViewController.h */ = {isa = PBXFileReference; fileEncoding = 4; lastKnownFileType = sourcecode.c.h; path = TasksViewController.h; sourceTree = "<group>"; };
		EE4EB0F51A10B99600ABD31D /* TasksViewController.m */ = {isa = PBXFileReference; fileEncoding = 4; lastKnownFileType = sourcecode.c.objc; path = TasksViewController.m; sourceTree = "<group>"; };
		EE4EB0F71A10B9DD00ABD31D /* TasksViewCell.h */ = {isa = PBXFileReference; fileEncoding = 4; lastKnownFileType = sourcecode.c.h; path = TasksViewCell.h; sourceTree = "<group>"; };
		EE4EB0F81A10B9DD00ABD31D /* TasksViewCell.m */ = {isa = PBXFileReference; fileEncoding = 4; lastKnownFileType = sourcecode.c.objc; path = TasksViewCell.m; sourceTree = "<group>"; };
		EE4EB0FB1A10BE7100ABD31D /* Sun_128.png */ = {isa = PBXFileReference; lastKnownFileType = image.png; path = Sun_128.png; sourceTree = "<group>"; };
		EE4EB0FC1A10BE7100ABD31D /* Sun_16.png */ = {isa = PBXFileReference; lastKnownFileType = image.png; path = Sun_16.png; sourceTree = "<group>"; };
		EE4EB0FD1A10BE7100ABD31D /* Sun_24.png */ = {isa = PBXFileReference; lastKnownFileType = image.png; path = Sun_24.png; sourceTree = "<group>"; };
		EE4EB0FE1A10BE7100ABD31D /* Sun_32.png */ = {isa = PBXFileReference; lastKnownFileType = image.png; path = Sun_32.png; sourceTree = "<group>"; };
		EE4EB0FF1A10BE7100ABD31D /* Sun_48.png */ = {isa = PBXFileReference; lastKnownFileType = image.png; path = Sun_48.png; sourceTree = "<group>"; };
		EE4EB1001A10BE7100ABD31D /* Sun_64.png */ = {isa = PBXFileReference; lastKnownFileType = image.png; path = Sun_64.png; sourceTree = "<group>"; };
		EE4EB1011A10BE7100ABD31D /* Sun_72.png */ = {isa = PBXFileReference; lastKnownFileType = image.png; path = Sun_72.png; sourceTree = "<group>"; };
		EE4EB1021A10BE7100ABD31D /* Sun_96.png */ = {isa = PBXFileReference; lastKnownFileType = image.png; path = Sun_96.png; sourceTree = "<group>"; };
		EE4EB10C1A10C01D00ABD31D /* Moon_128.png */ = {isa = PBXFileReference; lastKnownFileType = image.png; path = Moon_128.png; sourceTree = "<group>"; };
		EE4EB10D1A10C01D00ABD31D /* Moon_16.png */ = {isa = PBXFileReference; lastKnownFileType = image.png; path = Moon_16.png; sourceTree = "<group>"; };
		EE4EB10E1A10C01D00ABD31D /* Moon_24.png */ = {isa = PBXFileReference; lastKnownFileType = image.png; path = Moon_24.png; sourceTree = "<group>"; };
		EE4EB10F1A10C01D00ABD31D /* Moon_32.png */ = {isa = PBXFileReference; lastKnownFileType = image.png; path = Moon_32.png; sourceTree = "<group>"; };
		EE4EB1101A10C01D00ABD31D /* Moon_48.png */ = {isa = PBXFileReference; lastKnownFileType = image.png; path = Moon_48.png; sourceTree = "<group>"; };
		EE4EB1111A10C01D00ABD31D /* Moon_64.png */ = {isa = PBXFileReference; lastKnownFileType = image.png; path = Moon_64.png; sourceTree = "<group>"; };
		EE4EB1121A10C01D00ABD31D /* Moon_72.png */ = {isa = PBXFileReference; lastKnownFileType = image.png; path = Moon_72.png; sourceTree = "<group>"; };
		EE4EB1131A10C01D00ABD31D /* Moon_96.png */ = {isa = PBXFileReference; lastKnownFileType = image.png; path = Moon_96.png; sourceTree = "<group>"; };
		EE4EB11D1A10C1DF00ABD31D /* Star_128.png */ = {isa = PBXFileReference; lastKnownFileType = image.png; path = Star_128.png; sourceTree = "<group>"; };
		EE4EB11E1A10C1DF00ABD31D /* Star_16.png */ = {isa = PBXFileReference; lastKnownFileType = image.png; path = Star_16.png; sourceTree = "<group>"; };
		EE4EB11F1A10C1DF00ABD31D /* Star_24.png */ = {isa = PBXFileReference; lastKnownFileType = image.png; path = Star_24.png; sourceTree = "<group>"; };
		EE4EB1201A10C1DF00ABD31D /* Star_32.png */ = {isa = PBXFileReference; lastKnownFileType = image.png; path = Star_32.png; sourceTree = "<group>"; };
		EE4EB1211A10C1DF00ABD31D /* Star_48.png */ = {isa = PBXFileReference; lastKnownFileType = image.png; path = Star_48.png; sourceTree = "<group>"; };
		EE4EB1221A10C1DF00ABD31D /* Star_72.png */ = {isa = PBXFileReference; lastKnownFileType = image.png; path = Star_72.png; sourceTree = "<group>"; };
		EE4EB1231A10C1DF00ABD31D /* Star_96.png */ = {isa = PBXFileReference; lastKnownFileType = image.png; path = Star_96.png; sourceTree = "<group>"; };
		EE4EB1241A10C1DF00ABD31D /* Start_64.png */ = {isa = PBXFileReference; lastKnownFileType = image.png; path = Start_64.png; sourceTree = "<group>"; };
		EE4EB12D1A12094200ABD31D /* Main.storyboard */ = {isa = PBXFileReference; fileEncoding = 4; lastKnownFileType = file.storyboard; path = Main.storyboard; sourceTree = "<group>"; };
		EE4EB1341A134D8500ABD31D /* GiftsViewController.h */ = {isa = PBXFileReference; fileEncoding = 4; lastKnownFileType = sourcecode.c.h; path = GiftsViewController.h; sourceTree = "<group>"; };
		EE4EB1351A134D8500ABD31D /* GiftsViewController.m */ = {isa = PBXFileReference; fileEncoding = 4; lastKnownFileType = sourcecode.c.objc; path = GiftsViewController.m; sourceTree = "<group>"; };
		EE4EB1371A1350E300ABD31D /* GiftsViewCell.h */ = {isa = PBXFileReference; fileEncoding = 4; lastKnownFileType = sourcecode.c.h; path = GiftsViewCell.h; sourceTree = "<group>"; };
		EE4EB1381A1350E300ABD31D /* GiftsViewCell.m */ = {isa = PBXFileReference; fileEncoding = 4; lastKnownFileType = sourcecode.c.objc; path = GiftsViewCell.m; sourceTree = "<group>"; };
		EE4EB13B1A13533A00ABD31D /* Main.xcdatamodel */ = {isa = PBXFileReference; lastKnownFileType = wrapper.xcdatamodel; path = Main.xcdatamodel; sourceTree = "<group>"; };
		EE4EB13D1A13556C00ABD31D /* GiftData.h */ = {isa = PBXFileReference; fileEncoding = 4; lastKnownFileType = sourcecode.c.h; path = GiftData.h; sourceTree = "<group>"; };
		EE4EB13E1A13556C00ABD31D /* GiftData.m */ = {isa = PBXFileReference; fileEncoding = 4; lastKnownFileType = sourcecode.c.objc; path = GiftData.m; sourceTree = "<group>"; };
		EE4EB1401A13556D00ABD31D /* TaskData.h */ = {isa = PBXFileReference; fileEncoding = 4; lastKnownFileType = sourcecode.c.h; path = TaskData.h; sourceTree = "<group>"; };
		EE4EB1411A13556D00ABD31D /* TaskData.m */ = {isa = PBXFileReference; fileEncoding = 4; lastKnownFileType = sourcecode.c.objc; path = TaskData.m; sourceTree = "<group>"; };
		EE4EB1431A13573C00ABD31D /* TaskInfo.h */ = {isa = PBXFileReference; fileEncoding = 4; lastKnownFileType = sourcecode.c.h; path = TaskInfo.h; sourceTree = "<group>"; };
		EE4EB1441A13573C00ABD31D /* TaskInfo.m */ = {isa = PBXFileReference; fileEncoding = 4; lastKnownFileType = sourcecode.c.objc; path = TaskInfo.m; sourceTree = "<group>"; };
		EE4EB1461A13580900ABD31D /* GiftInfo.h */ = {isa = PBXFileReference; fileEncoding = 4; lastKnownFileType = sourcecode.c.h; path = GiftInfo.h; sourceTree = "<group>"; };
		EE4EB1471A13580900ABD31D /* GiftInfo.m */ = {isa = PBXFileReference; fileEncoding = 4; lastKnownFileType = sourcecode.c.objc; path = GiftInfo.m; sourceTree = "<group>"; };
		EE4EB1491A1358F800ABD31D /* Database.h */ = {isa = PBXFileReference; fileEncoding = 4; lastKnownFileType = sourcecode.c.h; path = Database.h; sourceTree = "<group>"; };
		EE4EB14A1A1358F800ABD31D /* Database.m */ = {isa = PBXFileReference; fileEncoding = 4; lastKnownFileType = sourcecode.c.objc; path = Database.m; sourceTree = "<group>"; };
		EE4EB14C1A1975DE00ABD31D /* coin_16.png */ = {isa = PBXFileReference; lastKnownFileType = image.png; path = coin_16.png; sourceTree = "<group>"; };
		EE4EB14D1A1975DF00ABD31D /* coin_16@2x.png */ = {isa = PBXFileReference; lastKnownFileType = image.png; path = "coin_16@2x.png"; sourceTree = "<group>"; };
		EE4EB14E1A1975DF00ABD31D /* gear_16.png */ = {isa = PBXFileReference; lastKnownFileType = image.png; path = gear_16.png; sourceTree = "<group>"; };
		EE4EB14F1A1975DF00ABD31D /* gear_16@2x.png */ = {isa = PBXFileReference; lastKnownFileType = image.png; path = "gear_16@2x.png"; sourceTree = "<group>"; };
		EE4EB1501A1975DF00ABD31D /* gift_24.png */ = {isa = PBXFileReference; lastKnownFileType = image.png; path = gift_24.png; sourceTree = "<group>"; };
		EE4EB1511A1975DF00ABD31D /* gift_24@2x.png */ = {isa = PBXFileReference; lastKnownFileType = image.png; path = "gift_24@2x.png"; sourceTree = "<group>"; };
		EE4EB1521A1975DF00ABD31D /* strawberry_24.png */ = {isa = PBXFileReference; lastKnownFileType = image.png; path = strawberry_24.png; sourceTree = "<group>"; };
		EE4EB1531A1975DF00ABD31D /* strawberry_24@2x.png */ = {isa = PBXFileReference; lastKnownFileType = image.png; path = "strawberry_24@2x.png"; sourceTree = "<group>"; };
		EE4EB1541A1975DF00ABD31D /* task_24.png */ = {isa = PBXFileReference; lastKnownFileType = image.png; path = task_24.png; sourceTree = "<group>"; };
		EE4EB15E1A199C9400ABD31D /* MainViewController.h */ = {isa = PBXFileReference; fileEncoding = 4; lastKnownFileType = sourcecode.c.h; path = MainViewController.h; sourceTree = "<group>"; };
		EE4EB15F1A199C9400ABD31D /* MainViewController.m */ = {isa = PBXFileReference; fileEncoding = 4; lastKnownFileType = sourcecode.c.objc; path = MainViewController.m; sourceTree = "<group>"; };
		EE6B47581885168E00362B84 /* YouBest.app */ = {isa = PBXFileReference; explicitFileType = wrapper.application; includeInIndex = 0; path = YouBest.app; sourceTree = BUILT_PRODUCTS_DIR; };
		EE6B475B1885168E00362B84 /* Foundation.framework */ = {isa = PBXFileReference; lastKnownFileType = wrapper.framework; name = Foundation.framework; path = System/Library/Frameworks/Foundation.framework; sourceTree = SDKROOT; };
		EE6B475D1885168E00362B84 /* CoreGraphics.framework */ = {isa = PBXFileReference; lastKnownFileType = wrapper.framework; name = CoreGraphics.framework; path = System/Library/Frameworks/CoreGraphics.framework; sourceTree = SDKROOT; };
		EE6B475F1885168E00362B84 /* UIKit.framework */ = {isa = PBXFileReference; lastKnownFileType = wrapper.framework; name = UIKit.framework; path = System/Library/Frameworks/UIKit.framework; sourceTree = SDKROOT; };
		EE6B47611885168E00362B84 /* CoreData.framework */ = {isa = PBXFileReference; lastKnownFileType = wrapper.framework; name = CoreData.framework; path = System/Library/Frameworks/CoreData.framework; sourceTree = SDKROOT; };
		EE6B47651885168E00362B84 /* YouBest-Info.plist */ = {isa = PBXFileReference; lastKnownFileType = text.plist.xml; path = "YouBest-Info.plist"; sourceTree = "<group>"; };
		EE6B47671885168E00362B84 /* en */ = {isa = PBXFileReference; lastKnownFileType = text.plist.strings; name = en; path = en.lproj/InfoPlist.strings; sourceTree = "<group>"; };
		EE6B47691885168E00362B84 /* main.m */ = {isa = PBXFileReference; lastKnownFileType = sourcecode.c.objc; path = main.m; sourceTree = "<group>"; };
		EE6B476B1885168E00362B84 /* YouBest-Prefix.pch */ = {isa = PBXFileReference; lastKnownFileType = sourcecode.c.h; path = "YouBest-Prefix.pch"; sourceTree = "<group>"; };
		EE6B476C1885168E00362B84 /* AppDelegate.h */ = {isa = PBXFileReference; lastKnownFileType = sourcecode.c.h; path = AppDelegate.h; sourceTree = "<group>"; };
		EE6B476D1885168E00362B84 /* AppDelegate.m */ = {isa = PBXFileReference; lastKnownFileType = sourcecode.c.objc; path = AppDelegate.m; sourceTree = "<group>"; };
		EE6B47721885168E00362B84 /* Images.xcassets */ = {isa = PBXFileReference; lastKnownFileType = folder.assetcatalog; path = Images.xcassets; sourceTree = "<group>"; };
		EE6B47791885168E00362B84 /* XCTest.framework */ = {isa = PBXFileReference; lastKnownFileType = wrapper.framework; name = XCTest.framework; path = Library/Frameworks/XCTest.framework; sourceTree = DEVELOPER_DIR; };
		EE973ED918EA67A800C43728 /* UIButton+UITableView.h */ = {isa = PBXFileReference; fileEncoding = 4; lastKnownFileType = sourcecode.c.h; path = "UIButton+UITableView.h"; sourceTree = "<group>"; };
		EE973EDA18EA67A800C43728 /* UIButton+UITableView.m */ = {isa = PBXFileReference; fileEncoding = 4; lastKnownFileType = sourcecode.c.objc; path = "UIButton+UITableView.m"; sourceTree = "<group>"; };
		EEBAD6331A1AC95200FA4EB8 /* TaskEditingViewController.h */ = {isa = PBXFileReference; fileEncoding = 4; lastKnownFileType = sourcecode.c.h; path = TaskEditingViewController.h; sourceTree = "<group>"; };
		EEBAD6341A1AC95200FA4EB8 /* TaskEditingViewController.m */ = {isa = PBXFileReference; fileEncoding = 4; lastKnownFileType = sourcecode.c.objc; path = TaskEditingViewController.m; sourceTree = "<group>"; };
		EEEE29E518BB222200773F2A /* UINavigationBar+Utils.h */ = {isa = PBXFileReference; fileEncoding = 4; lastKnownFileType = sourcecode.c.h; path = "UINavigationBar+Utils.h"; sourceTree = "<group>"; };
		EEEE29E618BB222200773F2A /* UINavigationBar+Utils.m */ = {isa = PBXFileReference; fileEncoding = 4; lastKnownFileType = sourcecode.c.objc; path = "UINavigationBar+Utils.m"; sourceTree = "<group>"; };
/* End PBXFileReference section */

/* Begin PBXFrameworksBuildPhase section */
		EE6B47551885168E00362B84 /* Frameworks */ = {
			isa = PBXFrameworksBuildPhase;
			buildActionMask = 2147483647;
			files = (
				EE6B475E1885168E00362B84 /* CoreGraphics.framework in Frameworks */,
				EE6B47621885168E00362B84 /* CoreData.framework in Frameworks */,
				EE6B47601885168E00362B84 /* UIKit.framework in Frameworks */,
				EE6B475C1885168E00362B84 /* Foundation.framework in Frameworks */,
			);
			runOnlyForDeploymentPostprocessing = 0;
		};
/* End PBXFrameworksBuildPhase section */

/* Begin PBXGroup section */
		46B21E501891655000952309 /* Utils */ = {
			isa = PBXGroup;
			children = (
				46B21E5718916DA500952309 /* Logger.h */,
				46B21E5818916DA500952309 /* Logger.m */,
				46B21E5918916DA500952309 /* NSManagedObjectContext+Utils.h */,
				46B21E5A18916DA500952309 /* NSManagedObjectContext+Utils.m */,
				EE00FCDE18B71C4700C0E668 /* UIView+Utils.h */,
				EE00FCDF18B71C4700C0E668 /* UIView+Utils.m */,
				EE00FCE118B71CF600C0E668 /* UIViewController+Utils.h */,
				EE00FCE218B71CF600C0E668 /* UIViewController+Utils.m */,
				EEEE29E518BB222200773F2A /* UINavigationBar+Utils.h */,
				EEEE29E618BB222200773F2A /* UINavigationBar+Utils.m */,
				EE26F02B18C096F500B80F47 /* UILabel+Utils.h */,
				EE26F02C18C096F500B80F47 /* UILabel+Utils.m */,
			);
			path = Utils;
			sourceTree = "<group>";
		};
		46EA75B41A0A57C5001D1F6D /* Images */ = {
			isa = PBXGroup;
			children = (
				EE4EB14C1A1975DE00ABD31D /* coin_16.png */,
				EE4EB14D1A1975DF00ABD31D /* coin_16@2x.png */,
				EE4EB14E1A1975DF00ABD31D /* gear_16.png */,
				EE4EB14F1A1975DF00ABD31D /* gear_16@2x.png */,
				EE4EB1501A1975DF00ABD31D /* gift_24.png */,
				EE4EB1511A1975DF00ABD31D /* gift_24@2x.png */,
				EE4EB1521A1975DF00ABD31D /* strawberry_24.png */,
				EE4EB1531A1975DF00ABD31D /* strawberry_24@2x.png */,
				EE4EB1541A1975DF00ABD31D /* task_24.png */,
				EE4EB11C1A10C1DF00ABD31D /* Star */,
				EE4EB10B1A10C01D00ABD31D /* Moon */,
				EE4EB0FA1A10BE7100ABD31D /* Sun */,
				46EA75B51A0A57C5001D1F6D /* Cooking-48.png */,
				46EA75B61A0A57C5001D1F6D /* Unknown-48.png */,
			);
			path = Images;
			sourceTree = "<group>";
		};
		EE35261118C9BD0400937FB6 /* UI */ = {
			isa = PBXGroup;
			children = (
				EE35272918D0350E00937FB6 /* Common */,
			);
			path = UI;
			sourceTree = "<group>";
		};
		EE35272918D0350E00937FB6 /* Common */ = {
			isa = PBXGroup;
			children = (
				EE35272A18D0353B00937FB6 /* Notifications.h */,
				EE973ED918EA67A800C43728 /* UIButton+UITableView.h */,
				EE973EDA18EA67A800C43728 /* UIButton+UITableView.m */,
			);
			path = Common;
			sourceTree = "<group>";
		};
		EE4EB0FA1A10BE7100ABD31D /* Sun */ = {
			isa = PBXGroup;
			children = (
				EE4EB0FB1A10BE7100ABD31D /* Sun_128.png */,
				EE4EB0FC1A10BE7100ABD31D /* Sun_16.png */,
				EE4EB0FD1A10BE7100ABD31D /* Sun_24.png */,
				EE4EB0FE1A10BE7100ABD31D /* Sun_32.png */,
				EE4EB0FF1A10BE7100ABD31D /* Sun_48.png */,
				EE4EB1001A10BE7100ABD31D /* Sun_64.png */,
				EE4EB1011A10BE7100ABD31D /* Sun_72.png */,
				EE4EB1021A10BE7100ABD31D /* Sun_96.png */,
			);
			path = Sun;
			sourceTree = "<group>";
		};
		EE4EB10B1A10C01D00ABD31D /* Moon */ = {
			isa = PBXGroup;
			children = (
				EE4EB10C1A10C01D00ABD31D /* Moon_128.png */,
				EE4EB10D1A10C01D00ABD31D /* Moon_16.png */,
				EE4EB10E1A10C01D00ABD31D /* Moon_24.png */,
				EE4EB10F1A10C01D00ABD31D /* Moon_32.png */,
				EE4EB1101A10C01D00ABD31D /* Moon_48.png */,
				EE4EB1111A10C01D00ABD31D /* Moon_64.png */,
				EE4EB1121A10C01D00ABD31D /* Moon_72.png */,
				EE4EB1131A10C01D00ABD31D /* Moon_96.png */,
			);
			path = Moon;
			sourceTree = "<group>";
		};
		EE4EB11C1A10C1DF00ABD31D /* Star */ = {
			isa = PBXGroup;
			children = (
				EE4EB11D1A10C1DF00ABD31D /* Star_128.png */,
				EE4EB11E1A10C1DF00ABD31D /* Star_16.png */,
				EE4EB11F1A10C1DF00ABD31D /* Star_24.png */,
				EE4EB1201A10C1DF00ABD31D /* Star_32.png */,
				EE4EB1211A10C1DF00ABD31D /* Star_48.png */,
				EE4EB1221A10C1DF00ABD31D /* Star_72.png */,
				EE4EB1231A10C1DF00ABD31D /* Star_96.png */,
				EE4EB1241A10C1DF00ABD31D /* Start_64.png */,
			);
			path = Star;
			sourceTree = "<group>";
		};
		EE6B474F1885168E00362B84 = {
			isa = PBXGroup;
			children = (
				EE6B47631885168E00362B84 /* YouBest */,
				EE6B475A1885168E00362B84 /* Frameworks */,
				EE6B47591885168E00362B84 /* Products */,
			);
			sourceTree = "<group>";
		};
		EE6B47591885168E00362B84 /* Products */ = {
			isa = PBXGroup;
			children = (
				EE6B47581885168E00362B84 /* YouBest.app */,
			);
			name = Products;
			sourceTree = "<group>";
		};
		EE6B475A1885168E00362B84 /* Frameworks */ = {
			isa = PBXGroup;
			children = (
				EE6B475B1885168E00362B84 /* Foundation.framework */,
				EE6B475D1885168E00362B84 /* CoreGraphics.framework */,
				EE6B475F1885168E00362B84 /* UIKit.framework */,
				EE6B47611885168E00362B84 /* CoreData.framework */,
				EE6B47791885168E00362B84 /* XCTest.framework */,
			);
			name = Frameworks;
			sourceTree = "<group>";
		};
		EE6B47631885168E00362B84 /* YouBest */ = {
			isa = PBXGroup;
			children = (
				EE6B476C1885168E00362B84 /* AppDelegate.h */,
				EE6B476D1885168E00362B84 /* AppDelegate.m */,
				EE4EB12D1A12094200ABD31D /* Main.storyboard */,
				EE4EB13A1A13533A00ABD31D /* Main.xcdatamodeld */,
				EE4EB15E1A199C9400ABD31D /* MainViewController.h */,
				EE4EB15F1A199C9400ABD31D /* MainViewController.m */,
				EE4EB0F41A10B99600ABD31D /* TasksViewController.h */,
				EE4EB0F51A10B99600ABD31D /* TasksViewController.m */,
				EE4EB0F71A10B9DD00ABD31D /* TasksViewCell.h */,
				EE4EB0F81A10B9DD00ABD31D /* TasksViewCell.m */,
				EEBAD6331A1AC95200FA4EB8 /* TaskEditingViewController.h */,
				EEBAD6341A1AC95200FA4EB8 /* TaskEditingViewController.m */,
				EE4EB1401A13556D00ABD31D /* TaskData.h */,
				EE4EB1411A13556D00ABD31D /* TaskData.m */,
				EE4EB1431A13573C00ABD31D /* TaskInfo.h */,
				EE4EB1441A13573C00ABD31D /* TaskInfo.m */,
				EE4EB1341A134D8500ABD31D /* GiftsViewController.h */,
				EE4EB1351A134D8500ABD31D /* GiftsViewController.m */,
				EE4EB1371A1350E300ABD31D /* GiftsViewCell.h */,
				EE4EB1381A1350E300ABD31D /* GiftsViewCell.m */,
				EE4EB13D1A13556C00ABD31D /* GiftData.h */,
				EE4EB13E1A13556C00ABD31D /* GiftData.m */,
				EE4EB1461A13580900ABD31D /* GiftInfo.h */,
				EE4EB1471A13580900ABD31D /* GiftInfo.m */,
				EE4EB1491A1358F800ABD31D /* Database.h */,
				EE4EB14A1A1358F800ABD31D /* Database.m */,
				EE6B47721885168E00362B84 /* Images.xcassets */,
				46EA75B41A0A57C5001D1F6D /* Images */,
				EE35261118C9BD0400937FB6 /* UI */,
				46B21E501891655000952309 /* Utils */,
				EE6B47641885168E00362B84 /* Supporting Files */,
			);
			path = YouBest;
			sourceTree = "<group>";
		};
		EE6B47641885168E00362B84 /* Supporting Files */ = {
			isa = PBXGroup;
			children = (
				EE6B47651885168E00362B84 /* YouBest-Info.plist */,
				EE6B47661885168E00362B84 /* InfoPlist.strings */,
				EE6B47691885168E00362B84 /* main.m */,
				EE6B476B1885168E00362B84 /* YouBest-Prefix.pch */,
			);
			name = "Supporting Files";
			sourceTree = "<group>";
		};
/* End PBXGroup section */

/* Begin PBXNativeTarget section */
		EE6B47571885168E00362B84 /* YouBest */ = {
			isa = PBXNativeTarget;
			buildConfigurationList = EE6B478A1885168E00362B84 /* Build configuration list for PBXNativeTarget "YouBest" */;
			buildPhases = (
				EE6B47541885168E00362B84 /* Sources */,
				EE6B47551885168E00362B84 /* Frameworks */,
				EE6B47561885168E00362B84 /* Resources */,
			);
			buildRules = (
			);
			dependencies = (
			);
			name = YouBest;
			productName = YouBest;
			productReference = EE6B47581885168E00362B84 /* YouBest.app */;
			productType = "com.apple.product-type.application";
		};
/* End PBXNativeTarget section */

/* Begin PBXProject section */
		EE6B47501885168E00362B84 /* Project object */ = {
			isa = PBXProject;
			attributes = {
				LastUpgradeCheck = 0510;
				ORGANIZATIONNAME = family;
				TargetAttributes = {
					EE6B47571885168E00362B84 = {
						DevelopmentTeam = 74G5LGJ29X;
					};
				};
			};
			buildConfigurationList = EE6B47531885168E00362B84 /* Build configuration list for PBXProject "YouBest" */;
			compatibilityVersion = "Xcode 3.2";
			developmentRegion = English;
			hasScannedForEncodings = 0;
			knownRegions = (
				en,
			);
			mainGroup = EE6B474F1885168E00362B84;
			productRefGroup = EE6B47591885168E00362B84 /* Products */;
			projectDirPath = "";
			projectRoot = "";
			targets = (
				EE6B47571885168E00362B84 /* YouBest */,
			);
		};
/* End PBXProject section */

/* Begin PBXResourcesBuildPhase section */
		EE6B47561885168E00362B84 /* Resources */ = {
			isa = PBXResourcesBuildPhase;
			buildActionMask = 2147483647;
			files = (
				EE4EB1191A10C01D00ABD31D /* Moon_64.png in Resources */,
				EE4EB1261A10C1DF00ABD31D /* Star_16.png in Resources */,
				EE4EB1271A10C1DF00ABD31D /* Star_24.png in Resources */,
				EE4EB1551A1975DF00ABD31D /* coin_16.png in Resources */,
				EE4EB1291A10C1DF00ABD31D /* Star_48.png in Resources */,
				EE4EB1591A1975DF00ABD31D /* gift_24.png in Resources */,
				EE4EB1061A10BE7100ABD31D /* Sun_32.png in Resources */,
				EE4EB1181A10C01D00ABD31D /* Moon_48.png in Resources */,
				EE4EB1071A10BE7100ABD31D /* Sun_48.png in Resources */,
				EE4EB1041A10BE7100ABD31D /* Sun_16.png in Resources */,
				EE4EB12E1A12094200ABD31D /* Main.storyboard in Resources */,
				EE4EB1571A1975DF00ABD31D /* gear_16.png in Resources */,
				EE4EB1031A10BE7100ABD31D /* Sun_128.png in Resources */,
				EE4EB15D1A1975DF00ABD31D /* task_24.png in Resources */,
				EE4EB1561A1975DF00ABD31D /* coin_16@2x.png in Resources */,
				EE4EB1091A10BE7100ABD31D /* Sun_72.png in Resources */,
				EE4EB1081A10BE7100ABD31D /* Sun_64.png in Resources */,
				EE4EB1171A10C01D00ABD31D /* Moon_32.png in Resources */,
				EE4EB11A1A10C01D00ABD31D /* Moon_72.png in Resources */,
				EE6B47681885168E00362B84 /* InfoPlist.strings in Resources */,
				EE4EB11B1A10C01D00ABD31D /* Moon_96.png in Resources */,
				EE4EB1251A10C1DF00ABD31D /* Star_128.png in Resources */,
				EE4EB1141A10C01D00ABD31D /* Moon_128.png in Resources */,
				EE4EB1281A10C1DF00ABD31D /* Star_32.png in Resources */,
				EE4EB10A1A10BE7100ABD31D /* Sun_96.png in Resources */,
				EE4EB1161A10C01D00ABD31D /* Moon_24.png in Resources */,
				EE4EB15C1A1975DF00ABD31D /* strawberry_24@2x.png in Resources */,
				EE6B47731885168E00362B84 /* Images.xcassets in Resources */,
				EE4EB12A1A10C1DF00ABD31D /* Star_72.png in Resources */,
				EE4EB1581A1975DF00ABD31D /* gear_16@2x.png in Resources */,
				EE4EB1151A10C01D00ABD31D /* Moon_16.png in Resources */,
				EE4EB15A1A1975DF00ABD31D /* gift_24@2x.png in Resources */,
				46EA75B71A0A57C5001D1F6D /* Cooking-48.png in Resources */,
				EE4EB12B1A10C1DF00ABD31D /* Star_96.png in Resources */,
				EE4EB12C1A10C1DF00ABD31D /* Start_64.png in Resources */,
				46EA75B81A0A57C5001D1F6D /* Unknown-48.png in Resources */,
				EE4EB1051A10BE7100ABD31D /* Sun_24.png in Resources */,
				EE4EB15B1A1975DF00ABD31D /* strawberry_24.png in Resources */,
			);
			runOnlyForDeploymentPostprocessing = 0;
		};
/* End PBXResourcesBuildPhase section */

/* Begin PBXSourcesBuildPhase section */
		EE6B47541885168E00362B84 /* Sources */ = {
			isa = PBXSourcesBuildPhase;
			buildActionMask = 2147483647;
			files = (
				EE6B476E1885168E00362B84 /* AppDelegate.m in Sources */,
				EE4EB1391A1350E300ABD31D /* GiftsViewCell.m in Sources */,
				EEBAD6351A1AC95200FA4EB8 /* TaskEditingViewController.m in Sources */,
				46B21E5B18916DA500952309 /* Logger.m in Sources */,
				EE4EB1601A199C9400ABD31D /* MainViewController.m in Sources */,
				EE4EB0F61A10B99600ABD31D /* TasksViewController.m in Sources */,
				EE973EDB18EA67A800C43728 /* UIButton+UITableView.m in Sources */,
				EE4EB1451A13573C00ABD31D /* TaskInfo.m in Sources */,
				EE00FCE318B71CF600C0E668 /* UIViewController+Utils.m in Sources */,
				46B21E5C18916DA500952309 /* NSManagedObjectContext+Utils.m in Sources */,
				EE4EB13C1A13533A00ABD31D /* Main.xcdatamodeld in Sources */,
				EE4EB1361A134D8500ABD31D /* GiftsViewController.m in Sources */,
				EE4EB13F1A13556C00ABD31D /* GiftData.m in Sources */,
				EE4EB1421A13556D00ABD31D /* TaskData.m in Sources */,
				EEEE29E718BB222200773F2A /* UINavigationBar+Utils.m in Sources */,
				EE4EB0F91A10B9DD00ABD31D /* TasksViewCell.m in Sources */,
				EE00FCE018B71C4700C0E668 /* UIView+Utils.m in Sources */,
				EE4EB14B1A1358F800ABD31D /* Database.m in Sources */,
				EE4EB1481A13580900ABD31D /* GiftInfo.m in Sources */,
				EE26F02D18C096F500B80F47 /* UILabel+Utils.m in Sources */,
				EE6B476A1885168E00362B84 /* main.m in Sources */,
			);
			runOnlyForDeploymentPostprocessing = 0;
		};
/* End PBXSourcesBuildPhase section */

/* Begin PBXVariantGroup section */
		EE6B47661885168E00362B84 /* InfoPlist.strings */ = {
			isa = PBXVariantGroup;
			children = (
				EE6B47671885168E00362B84 /* en */,
			);
			name = InfoPlist.strings;
			sourceTree = "<group>";
		};
/* End PBXVariantGroup section */

/* Begin XCBuildConfiguration section */
		EE6B47881885168E00362B84 /* Debug */ = {
			isa = XCBuildConfiguration;
			buildSettings = {
				ALWAYS_SEARCH_USER_PATHS = NO;
				CLANG_CXX_LANGUAGE_STANDARD = "gnu++0x";
				CLANG_CXX_LIBRARY = "libc++";
				CLANG_ENABLE_MODULES = YES;
				CLANG_ENABLE_OBJC_ARC = YES;
				CLANG_WARN_BOOL_CONVERSION = YES;
				CLANG_WARN_CONSTANT_CONVERSION = YES;
				CLANG_WARN_DIRECT_OBJC_ISA_USAGE = YES_ERROR;
				CLANG_WARN_EMPTY_BODY = YES;
				CLANG_WARN_ENUM_CONVERSION = YES;
				CLANG_WARN_INT_CONVERSION = YES;
				CLANG_WARN_OBJC_ROOT_CLASS = YES_ERROR;
				CLANG_WARN__DUPLICATE_METHOD_MATCH = YES;
				"CODE_SIGN_IDENTITY[sdk=iphoneos*]" = "iPhone Developer";
				COPY_PHASE_STRIP = NO;
				GCC_C_LANGUAGE_STANDARD = gnu99;
				GCC_DYNAMIC_NO_PIC = NO;
				GCC_OPTIMIZATION_LEVEL = 0;
				GCC_PREPROCESSOR_DEFINITIONS = (
					"DEBUG=1",
					"$(inherited)",
				);
				GCC_SYMBOLS_PRIVATE_EXTERN = NO;
				GCC_WARN_64_TO_32_BIT_CONVERSION = YES;
				GCC_WARN_ABOUT_RETURN_TYPE = YES_ERROR;
				GCC_WARN_UNDECLARED_SELECTOR = YES;
				GCC_WARN_UNINITIALIZED_AUTOS = YES;
				GCC_WARN_UNUSED_FUNCTION = YES;
				GCC_WARN_UNUSED_VARIABLE = YES;
				IPHONEOS_DEPLOYMENT_TARGET = 7.0;
				ONLY_ACTIVE_ARCH = YES;
				SDKROOT = iphoneos;
			};
			name = Debug;
		};
		EE6B47891885168E00362B84 /* Release */ = {
			isa = XCBuildConfiguration;
			buildSettings = {
				ALWAYS_SEARCH_USER_PATHS = NO;
				CLANG_CXX_LANGUAGE_STANDARD = "gnu++0x";
				CLANG_CXX_LIBRARY = "libc++";
				CLANG_ENABLE_MODULES = YES;
				CLANG_ENABLE_OBJC_ARC = YES;
				CLANG_WARN_BOOL_CONVERSION = YES;
				CLANG_WARN_CONSTANT_CONVERSION = YES;
				CLANG_WARN_DIRECT_OBJC_ISA_USAGE = YES_ERROR;
				CLANG_WARN_EMPTY_BODY = YES;
				CLANG_WARN_ENUM_CONVERSION = YES;
				CLANG_WARN_INT_CONVERSION = YES;
				CLANG_WARN_OBJC_ROOT_CLASS = YES_ERROR;
				CLANG_WARN__DUPLICATE_METHOD_MATCH = YES;
				"CODE_SIGN_IDENTITY[sdk=iphoneos*]" = "iPhone Developer";
				COPY_PHASE_STRIP = YES;
				ENABLE_NS_ASSERTIONS = NO;
				GCC_C_LANGUAGE_STANDARD = gnu99;
				GCC_WARN_64_TO_32_BIT_CONVERSION = YES;
				GCC_WARN_ABOUT_RETURN_TYPE = YES_ERROR;
				GCC_WARN_UNDECLARED_SELECTOR = YES;
				GCC_WARN_UNINITIALIZED_AUTOS = YES;
				GCC_WARN_UNUSED_FUNCTION = YES;
				GCC_WARN_UNUSED_VARIABLE = YES;
				IPHONEOS_DEPLOYMENT_TARGET = 7.0;
				SDKROOT = iphoneos;
				VALIDATE_PRODUCT = YES;
			};
			name = Release;
		};
		EE6B478B1885168E00362B84 /* Debug */ = {
			isa = XCBuildConfiguration;
			buildSettings = {
				ASSETCATALOG_COMPILER_APPICON_NAME = AppIcon;
				ASSETCATALOG_COMPILER_LAUNCHIMAGE_NAME = LaunchImage;
				GCC_PRECOMPILE_PREFIX_HEADER = YES;
				GCC_PREFIX_HEADER = "YouBest/YouBest-Prefix.pch";
				INFOPLIST_FILE = "YouBest/YouBest-Info.plist";
				IPHONEOS_DEPLOYMENT_TARGET = 8.1;
				PRODUCT_NAME = "$(TARGET_NAME)";
				WRAPPER_EXTENSION = app;
			};
			name = Debug;
		};
		EE6B478C1885168E00362B84 /* Release */ = {
			isa = XCBuildConfiguration;
			buildSettings = {
				ASSETCATALOG_COMPILER_APPICON_NAME = AppIcon;
				ASSETCATALOG_COMPILER_LAUNCHIMAGE_NAME = LaunchImage;
				GCC_PRECOMPILE_PREFIX_HEADER = YES;
				GCC_PREFIX_HEADER = "YouBest/YouBest-Prefix.pch";
				INFOPLIST_FILE = "YouBest/YouBest-Info.plist";
				IPHONEOS_DEPLOYMENT_TARGET = 8.1;
				PRODUCT_NAME = "$(TARGET_NAME)";
				WRAPPER_EXTENSION = app;
			};
			name = Release;
		};
/* End XCBuildConfiguration section */

/* Begin XCConfigurationList section */
		EE6B47531885168E00362B84 /* Build configuration list for PBXProject "YouBest" */ = {
			isa = XCConfigurationList;
			buildConfigurations = (
				EE6B47881885168E00362B84 /* Debug */,
				EE6B47891885168E00362B84 /* Release */,
			);
			defaultConfigurationIsVisible = 0;
			defaultConfigurationName = Release;
		};
		EE6B478A1885168E00362B84 /* Build configuration list for PBXNativeTarget "YouBest" */ = {
			isa = XCConfigurationList;
			buildConfigurations = (
				EE6B478B1885168E00362B84 /* Debug */,
				EE6B478C1885168E00362B84 /* Release */,
			);
			defaultConfigurationIsVisible = 0;
			defaultConfigurationName = Release;
		};
/* End XCConfigurationList section */

/* Begin XCVersionGroup section */
		EE4EB13A1A13533A00ABD31D /* Main.xcdatamodeld */ = {
			isa = XCVersionGroup;
			children = (
				EE4EB13B1A13533A00ABD31D /* Main.xcdatamodel */,
			);
			currentVersion = EE4EB13B1A13533A00ABD31D /* Main.xcdatamodel */;
			path = Main.xcdatamodeld;
			sourceTree = "<group>";
			versionGroupType = wrapper.xcdatamodel;
		};
/* End XCVersionGroup section */
	};
	rootObject = EE6B47501885168E00362B84 /* Project object */;
}
