// !$*UTF8*$!
{
	archiveVersion = 1;
	classes = {
	};
	objectVersion = 46;
	objects = {

/* Begin PBXBuildFile section */
		46B21E5B18916DA500952309 /* Logger.m in Sources */ = {isa = PBXBuildFile; fileRef = 46B21E5818916DA500952309 /* Logger.m */; };
		46B21E5C18916DA500952309 /* NSManagedObjectContext+Utils.m in Sources */ = {isa = PBXBuildFile; fileRef = 46B21E5A18916DA500952309 /* NSManagedObjectContext+Utils.m */; };
		46D358B4188E390600D722CB /* YouBest.storyboard in Resources */ = {isa = PBXBuildFile; fileRef = 46D358B3188E390600D722CB /* YouBest.storyboard */; };
		46D358B7188E3E8900D722CB /* PlayersViewController.m in Sources */ = {isa = PBXBuildFile; fileRef = 46D358B6188E3E8900D722CB /* PlayersViewController.m */; };
		46D358BA188EB79C00D722CB /* TasksViewController.m in Sources */ = {isa = PBXBuildFile; fileRef = 46D358B9188EB79B00D722CB /* TasksViewController.m */; };
		46D358BD188EB7BA00D722CB /* GiftsViewController.m in Sources */ = {isa = PBXBuildFile; fileRef = 46D358BC188EB7BA00D722CB /* GiftsViewController.m */; };
		46D358C3188EBFD100D722CB /* PlayerTabBarController.m in Sources */ = {isa = PBXBuildFile; fileRef = 46D358C2188EBFD100D722CB /* PlayerTabBarController.m */; };
		46DACB6318A7387400FD6695 /* WishesViewController.m in Sources */ = {isa = PBXBuildFile; fileRef = 46DACB6218A7387400FD6695 /* WishesViewController.m */; };
		EE00FC8018A62EC200C0E668 /* YouBest.txt in Resources */ = {isa = PBXBuildFile; fileRef = EE00FC7F18A62EC200C0E668 /* YouBest.txt */; };
		EE00FCA618B4831A00C0E668 /* MOItemRecord.m in Sources */ = {isa = PBXBuildFile; fileRef = EE00FC9E18B4831A00C0E668 /* MOItemRecord.m */; };
		EE00FCA718B4831A00C0E668 /* MOItemTemplate.m in Sources */ = {isa = PBXBuildFile; fileRef = EE00FCA018B4831A00C0E668 /* MOItemTemplate.m */; };
		EE00FCA818B4831A00C0E668 /* MOOption.m in Sources */ = {isa = PBXBuildFile; fileRef = EE00FCA218B4831A00C0E668 /* MOOption.m */; };
		EE00FCAF18B4834900C0E668 /* Database.m in Sources */ = {isa = PBXBuildFile; fileRef = EE00FCAE18B4834900C0E668 /* Database.m */; };
		EE00FCB318B4968D00C0E668 /* YBPlayer.m in Sources */ = {isa = PBXBuildFile; fileRef = EE00FCB218B4968D00C0E668 /* YBPlayer.m */; };
		EE00FCB618B4A6F100C0E668 /* YBItemInstance.m in Sources */ = {isa = PBXBuildFile; fileRef = EE00FCB518B4A6F100C0E668 /* YBItemInstance.m */; };
		EE00FCBC18B59FC200C0E668 /* UITableViewController+Utils.m in Sources */ = {isa = PBXBuildFile; fileRef = EE00FCBB18B59FC200C0E668 /* UITableViewController+Utils.m */; };
		EE00FCBF18B5A4F000C0E668 /* MOPlayer.m in Sources */ = {isa = PBXBuildFile; fileRef = EE00FCBE18B5A4F000C0E668 /* MOPlayer.m */; };
		EE00FCC218B5A4F100C0E668 /* MOItemInstance.m in Sources */ = {isa = PBXBuildFile; fileRef = EE00FCC118B5A4F100C0E668 /* MOItemInstance.m */; };
		EE6B475C1885168E00362B84 /* Foundation.framework in Frameworks */ = {isa = PBXBuildFile; fileRef = EE6B475B1885168E00362B84 /* Foundation.framework */; };
		EE6B475E1885168E00362B84 /* CoreGraphics.framework in Frameworks */ = {isa = PBXBuildFile; fileRef = EE6B475D1885168E00362B84 /* CoreGraphics.framework */; };
		EE6B47601885168E00362B84 /* UIKit.framework in Frameworks */ = {isa = PBXBuildFile; fileRef = EE6B475F1885168E00362B84 /* UIKit.framework */; };
		EE6B47621885168E00362B84 /* CoreData.framework in Frameworks */ = {isa = PBXBuildFile; fileRef = EE6B47611885168E00362B84 /* CoreData.framework */; };
		EE6B47681885168E00362B84 /* InfoPlist.strings in Resources */ = {isa = PBXBuildFile; fileRef = EE6B47661885168E00362B84 /* InfoPlist.strings */; };
		EE6B476A1885168E00362B84 /* main.m in Sources */ = {isa = PBXBuildFile; fileRef = EE6B47691885168E00362B84 /* main.m */; };
		EE6B476E1885168E00362B84 /* AppDelegate.m in Sources */ = {isa = PBXBuildFile; fileRef = EE6B476D1885168E00362B84 /* AppDelegate.m */; };
		EE6B47711885168E00362B84 /* YouBest.xcdatamodeld in Sources */ = {isa = PBXBuildFile; fileRef = EE6B476F1885168E00362B84 /* YouBest.xcdatamodeld */; };
		EE6B47731885168E00362B84 /* Images.xcassets in Resources */ = {isa = PBXBuildFile; fileRef = EE6B47721885168E00362B84 /* Images.xcassets */; };
		EE6B477A1885168E00362B84 /* XCTest.framework in Frameworks */ = {isa = PBXBuildFile; fileRef = EE6B47791885168E00362B84 /* XCTest.framework */; };
		EE6B477B1885168E00362B84 /* Foundation.framework in Frameworks */ = {isa = PBXBuildFile; fileRef = EE6B475B1885168E00362B84 /* Foundation.framework */; };
		EE6B477C1885168E00362B84 /* UIKit.framework in Frameworks */ = {isa = PBXBuildFile; fileRef = EE6B475F1885168E00362B84 /* UIKit.framework */; };
		EE6B477D1885168E00362B84 /* CoreData.framework in Frameworks */ = {isa = PBXBuildFile; fileRef = EE6B47611885168E00362B84 /* CoreData.framework */; };
		EE6B47851885168E00362B84 /* InfoPlist.strings in Resources */ = {isa = PBXBuildFile; fileRef = EE6B47831885168E00362B84 /* InfoPlist.strings */; };
		EE6B47871885168E00362B84 /* YouBestTests.m in Sources */ = {isa = PBXBuildFile; fileRef = EE6B47861885168E00362B84 /* YouBestTests.m */; };
/* End PBXBuildFile section */

/* Begin PBXContainerItemProxy section */
		EE6B477E1885168E00362B84 /* PBXContainerItemProxy */ = {
			isa = PBXContainerItemProxy;
			containerPortal = EE6B47501885168E00362B84 /* Project object */;
			proxyType = 1;
			remoteGlobalIDString = EE6B47571885168E00362B84;
			remoteInfo = YouBest;
		};
/* End PBXContainerItemProxy section */

/* Begin PBXFileReference section */
		46B21E5718916DA500952309 /* Logger.h */ = {isa = PBXFileReference; fileEncoding = 4; lastKnownFileType = sourcecode.c.h; path = Logger.h; sourceTree = "<group>"; };
		46B21E5818916DA500952309 /* Logger.m */ = {isa = PBXFileReference; fileEncoding = 4; lastKnownFileType = sourcecode.c.objc; path = Logger.m; sourceTree = "<group>"; };
		46B21E5918916DA500952309 /* NSManagedObjectContext+Utils.h */ = {isa = PBXFileReference; fileEncoding = 4; lastKnownFileType = sourcecode.c.h; path = "NSManagedObjectContext+Utils.h"; sourceTree = "<group>"; };
		46B21E5A18916DA500952309 /* NSManagedObjectContext+Utils.m */ = {isa = PBXFileReference; fileEncoding = 4; lastKnownFileType = sourcecode.c.objc; path = "NSManagedObjectContext+Utils.m"; sourceTree = "<group>"; };
		46D358B3188E390600D722CB /* YouBest.storyboard */ = {isa = PBXFileReference; fileEncoding = 4; lastKnownFileType = file.storyboard; path = YouBest.storyboard; sourceTree = "<group>"; };
		46D358B5188E3E8900D722CB /* PlayersViewController.h */ = {isa = PBXFileReference; fileEncoding = 4; lastKnownFileType = sourcecode.c.h; path = PlayersViewController.h; sourceTree = "<group>"; };
		46D358B6188E3E8900D722CB /* PlayersViewController.m */ = {isa = PBXFileReference; fileEncoding = 4; lastKnownFileType = sourcecode.c.objc; path = PlayersViewController.m; sourceTree = "<group>"; };
		46D358B8188EB79B00D722CB /* TasksViewController.h */ = {isa = PBXFileReference; fileEncoding = 4; lastKnownFileType = sourcecode.c.h; path = TasksViewController.h; sourceTree = "<group>"; };
		46D358B9188EB79B00D722CB /* TasksViewController.m */ = {isa = PBXFileReference; fileEncoding = 4; lastKnownFileType = sourcecode.c.objc; path = TasksViewController.m; sourceTree = "<group>"; };
		46D358BB188EB7BA00D722CB /* GiftsViewController.h */ = {isa = PBXFileReference; fileEncoding = 4; lastKnownFileType = sourcecode.c.h; path = GiftsViewController.h; sourceTree = "<group>"; };
		46D358BC188EB7BA00D722CB /* GiftsViewController.m */ = {isa = PBXFileReference; fileEncoding = 4; lastKnownFileType = sourcecode.c.objc; path = GiftsViewController.m; sourceTree = "<group>"; };
		46D358C1188EBFD100D722CB /* PlayerTabBarController.h */ = {isa = PBXFileReference; fileEncoding = 4; lastKnownFileType = sourcecode.c.h; path = PlayerTabBarController.h; sourceTree = "<group>"; };
		46D358C2188EBFD100D722CB /* PlayerTabBarController.m */ = {isa = PBXFileReference; fileEncoding = 4; lastKnownFileType = sourcecode.c.objc; path = PlayerTabBarController.m; sourceTree = "<group>"; };
		46DACB6118A7387400FD6695 /* WishesViewController.h */ = {isa = PBXFileReference; fileEncoding = 4; lastKnownFileType = sourcecode.c.h; path = WishesViewController.h; sourceTree = "<group>"; };
		46DACB6218A7387400FD6695 /* WishesViewController.m */ = {isa = PBXFileReference; fileEncoding = 4; lastKnownFileType = sourcecode.c.objc; path = WishesViewController.m; sourceTree = "<group>"; };
		EE00FC7F18A62EC200C0E668 /* YouBest.txt */ = {isa = PBXFileReference; fileEncoding = 4; lastKnownFileType = text; path = YouBest.txt; sourceTree = "<group>"; };
		EE00FC9D18B4831A00C0E668 /* MOItemRecord.h */ = {isa = PBXFileReference; fileEncoding = 4; lastKnownFileType = sourcecode.c.h; path = MOItemRecord.h; sourceTree = "<group>"; };
		EE00FC9E18B4831A00C0E668 /* MOItemRecord.m */ = {isa = PBXFileReference; fileEncoding = 4; lastKnownFileType = sourcecode.c.objc; path = MOItemRecord.m; sourceTree = "<group>"; };
		EE00FC9F18B4831A00C0E668 /* MOItemTemplate.h */ = {isa = PBXFileReference; fileEncoding = 4; lastKnownFileType = sourcecode.c.h; path = MOItemTemplate.h; sourceTree = "<group>"; };
		EE00FCA018B4831A00C0E668 /* MOItemTemplate.m */ = {isa = PBXFileReference; fileEncoding = 4; lastKnownFileType = sourcecode.c.objc; path = MOItemTemplate.m; sourceTree = "<group>"; };
		EE00FCA118B4831A00C0E668 /* MOOption.h */ = {isa = PBXFileReference; fileEncoding = 4; lastKnownFileType = sourcecode.c.h; path = MOOption.h; sourceTree = "<group>"; };
		EE00FCA218B4831A00C0E668 /* MOOption.m */ = {isa = PBXFileReference; fileEncoding = 4; lastKnownFileType = sourcecode.c.objc; path = MOOption.m; sourceTree = "<group>"; };
		EE00FCAD18B4834900C0E668 /* Database.h */ = {isa = PBXFileReference; fileEncoding = 4; lastKnownFileType = sourcecode.c.h; path = Database.h; sourceTree = "<group>"; };
		EE00FCAE18B4834900C0E668 /* Database.m */ = {isa = PBXFileReference; fileEncoding = 4; lastKnownFileType = sourcecode.c.objc; path = Database.m; sourceTree = "<group>"; };
		EE00FCB118B4968D00C0E668 /* YBPlayer.h */ = {isa = PBXFileReference; fileEncoding = 4; lastKnownFileType = sourcecode.c.h; path = YBPlayer.h; sourceTree = "<group>"; };
		EE00FCB218B4968D00C0E668 /* YBPlayer.m */ = {isa = PBXFileReference; fileEncoding = 4; lastKnownFileType = sourcecode.c.objc; path = YBPlayer.m; sourceTree = "<group>"; };
		EE00FCB418B4A6F100C0E668 /* YBItemInstance.h */ = {isa = PBXFileReference; fileEncoding = 4; lastKnownFileType = sourcecode.c.h; path = YBItemInstance.h; sourceTree = "<group>"; };
		EE00FCB518B4A6F100C0E668 /* YBItemInstance.m */ = {isa = PBXFileReference; fileEncoding = 4; lastKnownFileType = sourcecode.c.objc; path = YBItemInstance.m; sourceTree = "<group>"; };
		EE00FCB718B4A87600C0E668 /* YBTypedef.h */ = {isa = PBXFileReference; fileEncoding = 4; lastKnownFileType = sourcecode.c.h; path = YBTypedef.h; sourceTree = "<group>"; };
		EE00FCBA18B59FC200C0E668 /* UITableViewController+Utils.h */ = {isa = PBXFileReference; fileEncoding = 4; lastKnownFileType = sourcecode.c.h; path = "UITableViewController+Utils.h"; sourceTree = "<group>"; };
		EE00FCBB18B59FC200C0E668 /* UITableViewController+Utils.m */ = {isa = PBXFileReference; fileEncoding = 4; lastKnownFileType = sourcecode.c.objc; path = "UITableViewController+Utils.m"; sourceTree = "<group>"; };
		EE00FCBD18B5A4F000C0E668 /* MOPlayer.h */ = {isa = PBXFileReference; fileEncoding = 4; lastKnownFileType = sourcecode.c.h; path = MOPlayer.h; sourceTree = "<group>"; };
		EE00FCBE18B5A4F000C0E668 /* MOPlayer.m */ = {isa = PBXFileReference; fileEncoding = 4; lastKnownFileType = sourcecode.c.objc; path = MOPlayer.m; sourceTree = "<group>"; };
		EE00FCC018B5A4F100C0E668 /* MOItemInstance.h */ = {isa = PBXFileReference; fileEncoding = 4; lastKnownFileType = sourcecode.c.h; path = MOItemInstance.h; sourceTree = "<group>"; };
		EE00FCC118B5A4F100C0E668 /* MOItemInstance.m */ = {isa = PBXFileReference; fileEncoding = 4; lastKnownFileType = sourcecode.c.objc; path = MOItemInstance.m; sourceTree = "<group>"; };
		EE6B47581885168E00362B84 /* YouBest.app */ = {isa = PBXFileReference; explicitFileType = wrapper.application; includeInIndex = 0; path = YouBest.app; sourceTree = BUILT_PRODUCTS_DIR; };
		EE6B475B1885168E00362B84 /* Foundation.framework */ = {isa = PBXFileReference; lastKnownFileType = wrapper.framework; name = Foundation.framework; path = System/Library/Frameworks/Foundation.framework; sourceTree = SDKROOT; };
		EE6B475D1885168E00362B84 /* CoreGraphics.framework */ = {isa = PBXFileReference; lastKnownFileType = wrapper.framework; name = CoreGraphics.framework; path = System/Library/Frameworks/CoreGraphics.framework; sourceTree = SDKROOT; };
		EE6B475F1885168E00362B84 /* UIKit.framework */ = {isa = PBXFileReference; lastKnownFileType = wrapper.framework; name = UIKit.framework; path = System/Library/Frameworks/UIKit.framework; sourceTree = SDKROOT; };
		EE6B47611885168E00362B84 /* CoreData.framework */ = {isa = PBXFileReference; lastKnownFileType = wrapper.framework; name = CoreData.framework; path = System/Library/Frameworks/CoreData.framework; sourceTree = SDKROOT; };
		EE6B47651885168E00362B84 /* YouBest-Info.plist */ = {isa = PBXFileReference; lastKnownFileType = text.plist.xml; path = "YouBest-Info.plist"; sourceTree = "<group>"; };
		EE6B47671885168E00362B84 /* en */ = {isa = PBXFileReference; lastKnownFileType = text.plist.strings; name = en; path = en.lproj/InfoPlist.strings; sourceTree = "<group>"; };
		EE6B47691885168E00362B84 /* main.m */ = {isa = PBXFileReference; lastKnownFileType = sourcecode.c.objc; path = main.m; sourceTree = "<group>"; };
		EE6B476B1885168E00362B84 /* YouBest-Prefix.pch */ = {isa = PBXFileReference; lastKnownFileType = sourcecode.c.h; path = "YouBest-Prefix.pch"; sourceTree = "<group>"; };
		EE6B476C1885168E00362B84 /* AppDelegate.h */ = {isa = PBXFileReference; lastKnownFileType = sourcecode.c.h; path = AppDelegate.h; sourceTree = "<group>"; };
		EE6B476D1885168E00362B84 /* AppDelegate.m */ = {isa = PBXFileReference; lastKnownFileType = sourcecode.c.objc; path = AppDelegate.m; sourceTree = "<group>"; };
		EE6B47701885168E00362B84 /* YouBest.xcdatamodel */ = {isa = PBXFileReference; lastKnownFileType = wrapper.xcdatamodel; path = YouBest.xcdatamodel; sourceTree = "<group>"; };
		EE6B47721885168E00362B84 /* Images.xcassets */ = {isa = PBXFileReference; lastKnownFileType = folder.assetcatalog; path = Images.xcassets; sourceTree = "<group>"; };
		EE6B47781885168E00362B84 /* YouBestTests.xctest */ = {isa = PBXFileReference; explicitFileType = wrapper.cfbundle; includeInIndex = 0; path = YouBestTests.xctest; sourceTree = BUILT_PRODUCTS_DIR; };
		EE6B47791885168E00362B84 /* XCTest.framework */ = {isa = PBXFileReference; lastKnownFileType = wrapper.framework; name = XCTest.framework; path = Library/Frameworks/XCTest.framework; sourceTree = DEVELOPER_DIR; };
		EE6B47821885168E00362B84 /* YouBestTests-Info.plist */ = {isa = PBXFileReference; lastKnownFileType = text.plist.xml; path = "YouBestTests-Info.plist"; sourceTree = "<group>"; };
		EE6B47841885168E00362B84 /* en */ = {isa = PBXFileReference; lastKnownFileType = text.plist.strings; name = en; path = en.lproj/InfoPlist.strings; sourceTree = "<group>"; };
		EE6B47861885168E00362B84 /* YouBestTests.m */ = {isa = PBXFileReference; lastKnownFileType = sourcecode.c.objc; path = YouBestTests.m; sourceTree = "<group>"; };
/* End PBXFileReference section */

/* Begin PBXFrameworksBuildPhase section */
		EE6B47551885168E00362B84 /* Frameworks */ = {
			isa = PBXFrameworksBuildPhase;
			buildActionMask = 2147483647;
			files = (
				EE6B475E1885168E00362B84 /* CoreGraphics.framework in Frameworks */,
				EE6B47621885168E00362B84 /* CoreData.framework in Frameworks */,
				EE6B47601885168E00362B84 /* UIKit.framework in Frameworks */,
				EE6B475C1885168E00362B84 /* Foundation.framework in Frameworks */,
			);
			runOnlyForDeploymentPostprocessing = 0;
		};
		EE6B47751885168E00362B84 /* Frameworks */ = {
			isa = PBXFrameworksBuildPhase;
			buildActionMask = 2147483647;
			files = (
				EE6B477A1885168E00362B84 /* XCTest.framework in Frameworks */,
				EE6B477D1885168E00362B84 /* CoreData.framework in Frameworks */,
				EE6B477C1885168E00362B84 /* UIKit.framework in Frameworks */,
				EE6B477B1885168E00362B84 /* Foundation.framework in Frameworks */,
			);
			runOnlyForDeploymentPostprocessing = 0;
		};
/* End PBXFrameworksBuildPhase section */

/* Begin PBXGroup section */
		46B21E501891655000952309 /* Utils */ = {
			isa = PBXGroup;
			children = (
				46B21E5718916DA500952309 /* Logger.h */,
				46B21E5818916DA500952309 /* Logger.m */,
				46B21E5918916DA500952309 /* NSManagedObjectContext+Utils.h */,
				46B21E5A18916DA500952309 /* NSManagedObjectContext+Utils.m */,
				EE00FCBA18B59FC200C0E668 /* UITableViewController+Utils.h */,
				EE00FCBB18B59FC200C0E668 /* UITableViewController+Utils.m */,
			);
			path = Utils;
			sourceTree = "<group>";
		};
		EE00FC9A18B4831A00C0E668 /* Database */ = {
			isa = PBXGroup;
			children = (
				EE00FCAD18B4834900C0E668 /* Database.h */,
				EE00FCAE18B4834900C0E668 /* Database.m */,
				EE00FCC018B5A4F100C0E668 /* MOItemInstance.h */,
				EE00FCC118B5A4F100C0E668 /* MOItemInstance.m */,
				EE00FCBD18B5A4F000C0E668 /* MOPlayer.h */,
				EE00FCBE18B5A4F000C0E668 /* MOPlayer.m */,
				EE00FC9D18B4831A00C0E668 /* MOItemRecord.h */,
				EE00FC9E18B4831A00C0E668 /* MOItemRecord.m */,
				EE00FC9F18B4831A00C0E668 /* MOItemTemplate.h */,
				EE00FCA018B4831A00C0E668 /* MOItemTemplate.m */,
				EE00FCA118B4831A00C0E668 /* MOOption.h */,
				EE00FCA218B4831A00C0E668 /* MOOption.m */,
			);
			path = Database;
			sourceTree = "<group>";
		};
		EE00FCB018B4967B00C0E668 /* Data */ = {
			isa = PBXGroup;
			children = (
				EE00FCB118B4968D00C0E668 /* YBPlayer.h */,
				EE00FCB218B4968D00C0E668 /* YBPlayer.m */,
				EE00FCB418B4A6F100C0E668 /* YBItemInstance.h */,
				EE00FCB518B4A6F100C0E668 /* YBItemInstance.m */,
				EE00FCB718B4A87600C0E668 /* YBTypedef.h */,
			);
			path = Data;
			sourceTree = "<group>";
		};
		EE6B474F1885168E00362B84 = {
			isa = PBXGroup;
			children = (
				EE6B47631885168E00362B84 /* YouBest */,
				EE6B47801885168E00362B84 /* YouBestTests */,
				EE6B475A1885168E00362B84 /* Frameworks */,
				EE6B47591885168E00362B84 /* Products */,
			);
			sourceTree = "<group>";
		};
		EE6B47591885168E00362B84 /* Products */ = {
			isa = PBXGroup;
			children = (
				EE6B47581885168E00362B84 /* YouBest.app */,
				EE6B47781885168E00362B84 /* YouBestTests.xctest */,
			);
			name = Products;
			sourceTree = "<group>";
		};
		EE6B475A1885168E00362B84 /* Frameworks */ = {
			isa = PBXGroup;
			children = (
				EE6B475B1885168E00362B84 /* Foundation.framework */,
				EE6B475D1885168E00362B84 /* CoreGraphics.framework */,
				EE6B475F1885168E00362B84 /* UIKit.framework */,
				EE6B47611885168E00362B84 /* CoreData.framework */,
				EE6B47791885168E00362B84 /* XCTest.framework */,
			);
			name = Frameworks;
			sourceTree = "<group>";
		};
		EE6B47631885168E00362B84 /* YouBest */ = {
			isa = PBXGroup;
			children = (
				EE6B476C1885168E00362B84 /* AppDelegate.h */,
				EE6B476D1885168E00362B84 /* AppDelegate.m */,
				EE6B47721885168E00362B84 /* Images.xcassets */,
				EE00FC7F18A62EC200C0E668 /* YouBest.txt */,
				EE6B476F1885168E00362B84 /* YouBest.xcdatamodeld */,
				46D358B3188E390600D722CB /* YouBest.storyboard */,
				46D358B5188E3E8900D722CB /* PlayersViewController.h */,
				46D358B6188E3E8900D722CB /* PlayersViewController.m */,
				46D358C1188EBFD100D722CB /* PlayerTabBarController.h */,
				46D358C2188EBFD100D722CB /* PlayerTabBarController.m */,
				46D358B8188EB79B00D722CB /* TasksViewController.h */,
				46D358B9188EB79B00D722CB /* TasksViewController.m */,
				46D358BB188EB7BA00D722CB /* GiftsViewController.h */,
				46D358BC188EB7BA00D722CB /* GiftsViewController.m */,
				46DACB6118A7387400FD6695 /* WishesViewController.h */,
				46DACB6218A7387400FD6695 /* WishesViewController.m */,
				EE00FCB018B4967B00C0E668 /* Data */,
				EE00FC9A18B4831A00C0E668 /* Database */,
				46B21E501891655000952309 /* Utils */,
				EE6B47641885168E00362B84 /* Supporting Files */,
			);
			path = YouBest;
			sourceTree = "<group>";
		};
		EE6B47641885168E00362B84 /* Supporting Files */ = {
			isa = PBXGroup;
			children = (
				EE6B47651885168E00362B84 /* YouBest-Info.plist */,
				EE6B47661885168E00362B84 /* InfoPlist.strings */,
				EE6B47691885168E00362B84 /* main.m */,
				EE6B476B1885168E00362B84 /* YouBest-Prefix.pch */,
			);
			name = "Supporting Files";
			sourceTree = "<group>";
		};
		EE6B47801885168E00362B84 /* YouBestTests */ = {
			isa = PBXGroup;
			children = (
				EE6B47861885168E00362B84 /* YouBestTests.m */,
				EE6B47811885168E00362B84 /* Supporting Files */,
			);
			path = YouBestTests;
			sourceTree = "<group>";
		};
		EE6B47811885168E00362B84 /* Supporting Files */ = {
			isa = PBXGroup;
			children = (
				EE6B47821885168E00362B84 /* YouBestTests-Info.plist */,
				EE6B47831885168E00362B84 /* InfoPlist.strings */,
			);
			name = "Supporting Files";
			sourceTree = "<group>";
		};
/* End PBXGroup section */

/* Begin PBXNativeTarget section */
		EE6B47571885168E00362B84 /* YouBest */ = {
			isa = PBXNativeTarget;
			buildConfigurationList = EE6B478A1885168E00362B84 /* Build configuration list for PBXNativeTarget "YouBest" */;
			buildPhases = (
				EE6B47541885168E00362B84 /* Sources */,
				EE6B47551885168E00362B84 /* Frameworks */,
				EE6B47561885168E00362B84 /* Resources */,
			);
			buildRules = (
			);
			dependencies = (
			);
			name = YouBest;
			productName = YouBest;
			productReference = EE6B47581885168E00362B84 /* YouBest.app */;
			productType = "com.apple.product-type.application";
		};
		EE6B47771885168E00362B84 /* YouBestTests */ = {
			isa = PBXNativeTarget;
			buildConfigurationList = EE6B478D1885168E00362B84 /* Build configuration list for PBXNativeTarget "YouBestTests" */;
			buildPhases = (
				EE6B47741885168E00362B84 /* Sources */,
				EE6B47751885168E00362B84 /* Frameworks */,
				EE6B47761885168E00362B84 /* Resources */,
			);
			buildRules = (
			);
			dependencies = (
				EE6B477F1885168E00362B84 /* PBXTargetDependency */,
			);
			name = YouBestTests;
			productName = YouBestTests;
			productReference = EE6B47781885168E00362B84 /* YouBestTests.xctest */;
			productType = "com.apple.product-type.bundle.unit-test";
		};
/* End PBXNativeTarget section */

/* Begin PBXProject section */
		EE6B47501885168E00362B84 /* Project object */ = {
			isa = PBXProject;
			attributes = {
				LastUpgradeCheck = 0500;
				ORGANIZATIONNAME = family;
				TargetAttributes = {
					EE6B47571885168E00362B84 = {
						DevelopmentTeam = 74G5LGJ29X;
					};
					EE6B47771885168E00362B84 = {
						TestTargetID = EE6B47571885168E00362B84;
					};
				};
			};
			buildConfigurationList = EE6B47531885168E00362B84 /* Build configuration list for PBXProject "YouBest" */;
			compatibilityVersion = "Xcode 3.2";
			developmentRegion = English;
			hasScannedForEncodings = 0;
			knownRegions = (
				en,
			);
			mainGroup = EE6B474F1885168E00362B84;
			productRefGroup = EE6B47591885168E00362B84 /* Products */;
			projectDirPath = "";
			projectRoot = "";
			targets = (
				EE6B47571885168E00362B84 /* YouBest */,
				EE6B47771885168E00362B84 /* YouBestTests */,
			);
		};
/* End PBXProject section */

/* Begin PBXResourcesBuildPhase section */
		EE6B47561885168E00362B84 /* Resources */ = {
			isa = PBXResourcesBuildPhase;
			buildActionMask = 2147483647;
			files = (
				EE00FC8018A62EC200C0E668 /* YouBest.txt in Resources */,
				46D358B4188E390600D722CB /* YouBest.storyboard in Resources */,
				EE6B47681885168E00362B84 /* InfoPlist.strings in Resources */,
				EE6B47731885168E00362B84 /* Images.xcassets in Resources */,
			);
			runOnlyForDeploymentPostprocessing = 0;
		};
		EE6B47761885168E00362B84 /* Resources */ = {
			isa = PBXResourcesBuildPhase;
			buildActionMask = 2147483647;
			files = (
				EE6B47851885168E00362B84 /* InfoPlist.strings in Resources */,
			);
			runOnlyForDeploymentPostprocessing = 0;
		};
/* End PBXResourcesBuildPhase section */

/* Begin PBXSourcesBuildPhase section */
		EE6B47541885168E00362B84 /* Sources */ = {
			isa = PBXSourcesBuildPhase;
			buildActionMask = 2147483647;
			files = (
				46D358BD188EB7BA00D722CB /* GiftsViewController.m in Sources */,
				EE00FCB618B4A6F100C0E668 /* YBItemInstance.m in Sources */,
				EE6B476E1885168E00362B84 /* AppDelegate.m in Sources */,
				46D358BA188EB79C00D722CB /* TasksViewController.m in Sources */,
				EE00FCA718B4831A00C0E668 /* MOItemTemplate.m in Sources */,
				EE00FCA618B4831A00C0E668 /* MOItemRecord.m in Sources */,
				EE00FCC218B5A4F100C0E668 /* MOItemInstance.m in Sources */,
				46B21E5B18916DA500952309 /* Logger.m in Sources */,
				EE00FCBF18B5A4F000C0E668 /* MOPlayer.m in Sources */,
				46D358C3188EBFD100D722CB /* PlayerTabBarController.m in Sources */,
				EE00FCB318B4968D00C0E668 /* YBPlayer.m in Sources */,
				46B21E5C18916DA500952309 /* NSManagedObjectContext+Utils.m in Sources */,
				46D358B7188E3E8900D722CB /* PlayersViewController.m in Sources */,
				EE00FCAF18B4834900C0E668 /* Database.m in Sources */,
				EE00FCBC18B59FC200C0E668 /* UITableViewController+Utils.m in Sources */,
				EE00FCA818B4831A00C0E668 /* MOOption.m in Sources */,
				EE6B476A1885168E00362B84 /* main.m in Sources */,
				46DACB6318A7387400FD6695 /* WishesViewController.m in Sources */,
				EE6B47711885168E00362B84 /* YouBest.xcdatamodeld in Sources */,
			);
			runOnlyForDeploymentPostprocessing = 0;
		};
		EE6B47741885168E00362B84 /* Sources */ = {
			isa = PBXSourcesBuildPhase;
			buildActionMask = 2147483647;
			files = (
				EE6B47871885168E00362B84 /* YouBestTests.m in Sources */,
			);
			runOnlyForDeploymentPostprocessing = 0;
		};
/* End PBXSourcesBuildPhase section */

/* Begin PBXTargetDependency section */
		EE6B477F1885168E00362B84 /* PBXTargetDependency */ = {
			isa = PBXTargetDependency;
			target = EE6B47571885168E00362B84 /* YouBest */;
			targetProxy = EE6B477E1885168E00362B84 /* PBXContainerItemProxy */;
		};
/* End PBXTargetDependency section */

/* Begin PBXVariantGroup section */
		EE6B47661885168E00362B84 /* InfoPlist.strings */ = {
			isa = PBXVariantGroup;
			children = (
				EE6B47671885168E00362B84 /* en */,
			);
			name = InfoPlist.strings;
			sourceTree = "<group>";
		};
		EE6B47831885168E00362B84 /* InfoPlist.strings */ = {
			isa = PBXVariantGroup;
			children = (
				EE6B47841885168E00362B84 /* en */,
			);
			name = InfoPlist.strings;
			sourceTree = "<group>";
		};
/* End PBXVariantGroup section */

/* Begin XCBuildConfiguration section */
		EE6B47881885168E00362B84 /* Debug */ = {
			isa = XCBuildConfiguration;
			buildSettings = {
				ALWAYS_SEARCH_USER_PATHS = NO;
				ARCHS = "$(ARCHS_STANDARD_INCLUDING_64_BIT)";
				CLANG_CXX_LANGUAGE_STANDARD = "gnu++0x";
				CLANG_CXX_LIBRARY = "libc++";
				CLANG_ENABLE_MODULES = YES;
				CLANG_ENABLE_OBJC_ARC = YES;
				CLANG_WARN_BOOL_CONVERSION = YES;
				CLANG_WARN_CONSTANT_CONVERSION = YES;
				CLANG_WARN_DIRECT_OBJC_ISA_USAGE = YES_ERROR;
				CLANG_WARN_EMPTY_BODY = YES;
				CLANG_WARN_ENUM_CONVERSION = YES;
				CLANG_WARN_INT_CONVERSION = YES;
				CLANG_WARN_OBJC_ROOT_CLASS = YES_ERROR;
				CLANG_WARN__DUPLICATE_METHOD_MATCH = YES;
				"CODE_SIGN_IDENTITY[sdk=iphoneos*]" = "iPhone Developer";
				COPY_PHASE_STRIP = NO;
				GCC_C_LANGUAGE_STANDARD = gnu99;
				GCC_DYNAMIC_NO_PIC = NO;
				GCC_OPTIMIZATION_LEVEL = 0;
				GCC_PREPROCESSOR_DEFINITIONS = (
					"DEBUG=1",
					"$(inherited)",
				);
				GCC_SYMBOLS_PRIVATE_EXTERN = NO;
				GCC_WARN_64_TO_32_BIT_CONVERSION = YES;
				GCC_WARN_ABOUT_RETURN_TYPE = YES_ERROR;
				GCC_WARN_UNDECLARED_SELECTOR = YES;
				GCC_WARN_UNINITIALIZED_AUTOS = YES;
				GCC_WARN_UNUSED_FUNCTION = YES;
				GCC_WARN_UNUSED_VARIABLE = YES;
				IPHONEOS_DEPLOYMENT_TARGET = 7.0;
				ONLY_ACTIVE_ARCH = YES;
				SDKROOT = iphoneos;
			};
			name = Debug;
		};
		EE6B47891885168E00362B84 /* Release */ = {
			isa = XCBuildConfiguration;
			buildSettings = {
				ALWAYS_SEARCH_USER_PATHS = NO;
				ARCHS = "$(ARCHS_STANDARD_INCLUDING_64_BIT)";
				CLANG_CXX_LANGUAGE_STANDARD = "gnu++0x";
				CLANG_CXX_LIBRARY = "libc++";
				CLANG_ENABLE_MODULES = YES;
				CLANG_ENABLE_OBJC_ARC = YES;
				CLANG_WARN_BOOL_CONVERSION = YES;
				CLANG_WARN_CONSTANT_CONVERSION = YES;
				CLANG_WARN_DIRECT_OBJC_ISA_USAGE = YES_ERROR;
				CLANG_WARN_EMPTY_BODY = YES;
				CLANG_WARN_ENUM_CONVERSION = YES;
				CLANG_WARN_INT_CONVERSION = YES;
				CLANG_WARN_OBJC_ROOT_CLASS = YES_ERROR;
				CLANG_WARN__DUPLICATE_METHOD_MATCH = YES;
				"CODE_SIGN_IDENTITY[sdk=iphoneos*]" = "iPhone Developer";
				COPY_PHASE_STRIP = YES;
				ENABLE_NS_ASSERTIONS = NO;
				GCC_C_LANGUAGE_STANDARD = gnu99;
				GCC_WARN_64_TO_32_BIT_CONVERSION = YES;
				GCC_WARN_ABOUT_RETURN_TYPE = YES_ERROR;
				GCC_WARN_UNDECLARED_SELECTOR = YES;
				GCC_WARN_UNINITIALIZED_AUTOS = YES;
				GCC_WARN_UNUSED_FUNCTION = YES;
				GCC_WARN_UNUSED_VARIABLE = YES;
				IPHONEOS_DEPLOYMENT_TARGET = 7.0;
				SDKROOT = iphoneos;
				VALIDATE_PRODUCT = YES;
			};
			name = Release;
		};
		EE6B478B1885168E00362B84 /* Debug */ = {
			isa = XCBuildConfiguration;
			buildSettings = {
				ASSETCATALOG_COMPILER_APPICON_NAME = AppIcon;
				ASSETCATALOG_COMPILER_LAUNCHIMAGE_NAME = LaunchImage;
				GCC_PRECOMPILE_PREFIX_HEADER = YES;
				GCC_PREFIX_HEADER = "YouBest/YouBest-Prefix.pch";
				INFOPLIST_FILE = "YouBest/YouBest-Info.plist";
				PRODUCT_NAME = "$(TARGET_NAME)";
				WRAPPER_EXTENSION = app;
			};
			name = Debug;
		};
		EE6B478C1885168E00362B84 /* Release */ = {
			isa = XCBuildConfiguration;
			buildSettings = {
				ASSETCATALOG_COMPILER_APPICON_NAME = AppIcon;
				ASSETCATALOG_COMPILER_LAUNCHIMAGE_NAME = LaunchImage;
				GCC_PRECOMPILE_PREFIX_HEADER = YES;
				GCC_PREFIX_HEADER = "YouBest/YouBest-Prefix.pch";
				INFOPLIST_FILE = "YouBest/YouBest-Info.plist";
				PRODUCT_NAME = "$(TARGET_NAME)";
				WRAPPER_EXTENSION = app;
			};
			name = Release;
		};
		EE6B478E1885168E00362B84 /* Debug */ = {
			isa = XCBuildConfiguration;
			buildSettings = {
				ARCHS = "$(ARCHS_STANDARD_INCLUDING_64_BIT)";
				BUNDLE_LOADER = "$(BUILT_PRODUCTS_DIR)/YouBest.app/YouBest";
				FRAMEWORK_SEARCH_PATHS = (
					"$(SDKROOT)/Developer/Library/Frameworks",
					"$(inherited)",
					"$(DEVELOPER_FRAMEWORKS_DIR)",
				);
				GCC_PRECOMPILE_PREFIX_HEADER = YES;
				GCC_PREFIX_HEADER = "YouBest/YouBest-Prefix.pch";
				GCC_PREPROCESSOR_DEFINITIONS = (
					"DEBUG=1",
					"$(inherited)",
				);
				INFOPLIST_FILE = "YouBestTests/YouBestTests-Info.plist";
				PRODUCT_NAME = "$(TARGET_NAME)";
				TEST_HOST = "$(BUNDLE_LOADER)";
				WRAPPER_EXTENSION = xctest;
			};
			name = Debug;
		};
		EE6B478F1885168E00362B84 /* Release */ = {
			isa = XCBuildConfiguration;
			buildSettings = {
				ARCHS = "$(ARCHS_STANDARD_INCLUDING_64_BIT)";
				BUNDLE_LOADER = "$(BUILT_PRODUCTS_DIR)/YouBest.app/YouBest";
				FRAMEWORK_SEARCH_PATHS = (
					"$(SDKROOT)/Developer/Library/Frameworks",
					"$(inherited)",
					"$(DEVELOPER_FRAMEWORKS_DIR)",
				);
				GCC_PRECOMPILE_PREFIX_HEADER = YES;
				GCC_PREFIX_HEADER = "YouBest/YouBest-Prefix.pch";
				INFOPLIST_FILE = "YouBestTests/YouBestTests-Info.plist";
				PRODUCT_NAME = "$(TARGET_NAME)";
				TEST_HOST = "$(BUNDLE_LOADER)";
				WRAPPER_EXTENSION = xctest;
			};
			name = Release;
		};
/* End XCBuildConfiguration section */

/* Begin XCConfigurationList section */
		EE6B47531885168E00362B84 /* Build configuration list for PBXProject "YouBest" */ = {
			isa = XCConfigurationList;
			buildConfigurations = (
				EE6B47881885168E00362B84 /* Debug */,
				EE6B47891885168E00362B84 /* Release */,
			);
			defaultConfigurationIsVisible = 0;
			defaultConfigurationName = Release;
		};
		EE6B478A1885168E00362B84 /* Build configuration list for PBXNativeTarget "YouBest" */ = {
			isa = XCConfigurationList;
			buildConfigurations = (
				EE6B478B1885168E00362B84 /* Debug */,
				EE6B478C1885168E00362B84 /* Release */,
			);
			defaultConfigurationIsVisible = 0;
			defaultConfigurationName = Release;
		};
		EE6B478D1885168E00362B84 /* Build configuration list for PBXNativeTarget "YouBestTests" */ = {
			isa = XCConfigurationList;
			buildConfigurations = (
				EE6B478E1885168E00362B84 /* Debug */,
				EE6B478F1885168E00362B84 /* Release */,
			);
			defaultConfigurationIsVisible = 0;
			defaultConfigurationName = Release;
		};
/* End XCConfigurationList section */

/* Begin XCVersionGroup section */
		EE6B476F1885168E00362B84 /* YouBest.xcdatamodeld */ = {
			isa = XCVersionGroup;
			children = (
				EE6B47701885168E00362B84 /* YouBest.xcdatamodel */,
			);
			currentVersion = EE6B47701885168E00362B84 /* YouBest.xcdatamodel */;
			path = YouBest.xcdatamodeld;
			sourceTree = "<group>";
			versionGroupType = wrapper.xcdatamodel;
		};
/* End XCVersionGroup section */
	};
	rootObject = EE6B47501885168E00362B84 /* Project object */;
}
